// !$*UTF8*$!
{
	archiveVersion = 1;
	classes = {
	};
	objectVersion = 51;
	objects = {

/* Begin PBXBuildFile section */
		00AF2B8A3C0FDF86268B086B /* Pods_ClickerTests.framework in Frameworks */ = {isa = PBXBuildFile; fileRef = 89DEA7C529C55AE0ACEEF438 /* Pods_ClickerTests.framework */; };
		2486F783A3D217270D1BA932 /* Pods_ClickerIntegrationTests.framework in Frameworks */ = {isa = PBXBuildFile; fileRef = 8A63D27B6FE3D04855B62CA9 /* Pods_ClickerIntegrationTests.framework */; };
		363DF97323BA8F8D00869BD6 /* MockCounterCommunicator.swift in Sources */ = {isa = PBXBuildFile; fileRef = 363DF97223BA8F8D00869BD6 /* MockCounterCommunicator.swift */; };
		363DF97623BB97AB00869BD6 /* Encodable+toJsonData.swift in Sources */ = {isa = PBXBuildFile; fileRef = 363DF97523BB97AB00869BD6 /* Encodable+toJsonData.swift */; };
		363DF97823BB97BE00869BD6 /* String+Error.swift in Sources */ = {isa = PBXBuildFile; fileRef = 363DF97723BB97BE00869BD6 /* String+Error.swift */; };
		363DF97A23BB97E000869BD6 /* JSONDecoder+decode+Result.swift in Sources */ = {isa = PBXBuildFile; fileRef = 363DF97923BB97E000869BD6 /* JSONDecoder+decode+Result.swift */; };
		363DF97C23BB982700869BD6 /* Decodable+from.swift in Sources */ = {isa = PBXBuildFile; fileRef = 363DF97B23BB982700869BD6 /* Decodable+from.swift */; };
		363DF97E23BB990100869BD6 /* CommunicatorType.swift in Sources */ = {isa = PBXBuildFile; fileRef = 363DF97D23BB990100869BD6 /* CommunicatorType.swift */; };
		363DF98123BBCF2200869BD6 /* WiremockVerify.swift in Sources */ = {isa = PBXBuildFile; fileRef = 363DF97F23BBCEB900869BD6 /* WiremockVerify.swift */; };
		363DF98523BBF33F00869BD6 /* WiremockClient+CounterStubs.swift in Sources */ = {isa = PBXBuildFile; fileRef = 363DF98323BBF32100869BD6 /* WiremockClient+CounterStubs.swift */; };
		363DF98623BBF3E200869BD6 /* WiremockClient+CounterStubs.swift in Sources */ = {isa = PBXBuildFile; fileRef = 363DF98323BBF32100869BD6 /* WiremockClient+CounterStubs.swift */; };
		363DF98723BBF81100869BD6 /* WiremockVerify.swift in Sources */ = {isa = PBXBuildFile; fileRef = 363DF97F23BBCEB900869BD6 /* WiremockVerify.swift */; };
		364ACCE6234FA66900260E25 /* AppDelegate.swift in Sources */ = {isa = PBXBuildFile; fileRef = 364ACCE5234FA66900260E25 /* AppDelegate.swift */; };
		364ACCED234FA66A00260E25 /* Assets.xcassets in Resources */ = {isa = PBXBuildFile; fileRef = 364ACCEC234FA66A00260E25 /* Assets.xcassets */; };
		366B8BC923E8858E00A1D33B /* CounterPageViewController.xib in Resources */ = {isa = PBXBuildFile; fileRef = 366BB2FB23E83FD500310FE0 /* CounterPageViewController.xib */; };
		366BB2B723E398C300310FE0 /* main.swift in Sources */ = {isa = PBXBuildFile; fileRef = 366BB2B623E398C300310FE0 /* main.swift */; };
		366BB2B923E483B000310FE0 /* SelfHydratingViewController.swift in Sources */ = {isa = PBXBuildFile; fileRef = 366BB2B823E483B000310FE0 /* SelfHydratingViewController.swift */; };
		366BB2BA23E483ED00310FE0 /* SelfHydratingViewController.swift in Sources */ = {isa = PBXBuildFile; fileRef = 366BB2B823E483B000310FE0 /* SelfHydratingViewController.swift */; };
		366BB2BB23E484D400310FE0 /* CounterPageViewController.swift in Sources */ = {isa = PBXBuildFile; fileRef = 36C4B80E234FD31A003BC64C /* CounterPageViewController.swift */; };
		366BB2FC23E83FD500310FE0 /* CounterPageViewController.xib in Resources */ = {isa = PBXBuildFile; fileRef = 366BB2FB23E83FD500310FE0 /* CounterPageViewController.xib */; };
		3671B4BB23EA280700C56CC2 /* LaunchScreen.storyboard in Resources */ = {isa = PBXBuildFile; fileRef = 3671B4BA23EA280700C56CC2 /* LaunchScreen.storyboard */; };
		3671B4BE23EAEB0800C56CC2 /* XCUIApplication+withView.swift in Sources */ = {isa = PBXBuildFile; fileRef = 3671B4BC23EAEAA500C56CC2 /* XCUIApplication+withView.swift */; };
		36732EB323592DDA0050A066 /* CounterTests.swift in Sources */ = {isa = PBXBuildFile; fileRef = 36D4A7FE2358FF9B00E0BC48 /* CounterTests.swift */; };
		36732EB423592EC20050A066 /* MockCounterLogicController.swift in Sources */ = {isa = PBXBuildFile; fileRef = 36FD065F234FAD3F00CF676C /* MockCounterLogicController.swift */; };
		36732EB523592EC20050A066 /* MockCounterView.swift in Sources */ = {isa = PBXBuildFile; fileRef = 36C4B80C234FD07B003BC64C /* MockCounterView.swift */; };
		36732EB623592EC20050A066 /* MockCounterViewModel.swift in Sources */ = {isa = PBXBuildFile; fileRef = 36C4B814234FEADB003BC64C /* MockCounterViewModel.swift */; };
		36732EB8235930290050A066 /* InMemoryCounterRepository.swift in Sources */ = {isa = PBXBuildFile; fileRef = 36732EB7235930290050A066 /* InMemoryCounterRepository.swift */; };
		36732EBA235930D50050A066 /* CounterRepositoryTests.swift in Sources */ = {isa = PBXBuildFile; fileRef = 36732EB9235930D50050A066 /* CounterRepositoryTests.swift */; };
		36732EBC235931F20050A066 /* MockCounterRepository.swift in Sources */ = {isa = PBXBuildFile; fileRef = 36732EBB235931F20050A066 /* MockCounterRepository.swift */; };
		36732EC1235CCE870050A066 /* DependenciesTests.swift in Sources */ = {isa = PBXBuildFile; fileRef = 36732EC0235CCE870050A066 /* DependenciesTests.swift */; };
		36732EC3235F7FDD0050A066 /* MockDependencies.swift in Sources */ = {isa = PBXBuildFile; fileRef = 36732EC2235F7FDD0050A066 /* MockDependencies.swift */; };
		36732EC52360D5F00050A066 /* UILabelType.swift in Sources */ = {isa = PBXBuildFile; fileRef = 36732EC42360D5F00050A066 /* UILabelType.swift */; };
		36732EC72360D64A0050A066 /* MockUILabel.swift in Sources */ = {isa = PBXBuildFile; fileRef = 36732EC62360D64A0050A066 /* MockUILabel.swift */; };
		36C4B80D234FD07B003BC64C /* MockCounterView.swift in Sources */ = {isa = PBXBuildFile; fileRef = 36C4B80C234FD07B003BC64C /* MockCounterView.swift */; };
		36C4B80F234FD31A003BC64C /* CounterPageViewController.swift in Sources */ = {isa = PBXBuildFile; fileRef = 36C4B80E234FD31A003BC64C /* CounterPageViewController.swift */; };
		36C4B811234FE758003BC64C /* Dependencies.swift in Sources */ = {isa = PBXBuildFile; fileRef = 36C4B810234FE758003BC64C /* Dependencies.swift */; };
		36C4B813234FEAA4003BC64C /* CounterPageViewControllerTests.swift in Sources */ = {isa = PBXBuildFile; fileRef = 36C4B812234FEAA4003BC64C /* CounterPageViewControllerTests.swift */; };
		36C4B815234FEADB003BC64C /* MockCounterViewModel.swift in Sources */ = {isa = PBXBuildFile; fileRef = 36C4B814234FEADB003BC64C /* MockCounterViewModel.swift */; };
		36C4B81C2350A885003BC64C /* main.swift in Sources */ = {isa = PBXBuildFile; fileRef = 36C4B81B2350A885003BC64C /* main.swift */; };
		36E3637923CFAFFE001EFDEA /* AppDelegate.swift in Sources */ = {isa = PBXBuildFile; fileRef = 36E3637823CFAFFE001EFDEA /* AppDelegate.swift */; };
		36E3637B23CFAFFE001EFDEA /* SceneDelegate.swift in Sources */ = {isa = PBXBuildFile; fileRef = 36E3637A23CFAFFE001EFDEA /* SceneDelegate.swift */; };
		36E3638023CFAFFE001EFDEA /* ThinUIMain.storyboard in Resources */ = {isa = PBXBuildFile; fileRef = 36E3637E23CFAFFE001EFDEA /* ThinUIMain.storyboard */; };
		36E3638223CFB001001EFDEA /* Assets.xcassets in Resources */ = {isa = PBXBuildFile; fileRef = 36E3638123CFB001001EFDEA /* Assets.xcassets */; };
		36E3638523CFB001001EFDEA /* LaunchScreen.storyboard in Resources */ = {isa = PBXBuildFile; fileRef = 36E3638323CFB001001EFDEA /* LaunchScreen.storyboard */; };
		36E3639023CFB001001EFDEA /* ThinUIHarnessUITests.swift in Sources */ = {isa = PBXBuildFile; fileRef = 36E3638F23CFB001001EFDEA /* ThinUIHarnessUITests.swift */; };
		36E3639B23CFB117001EFDEA /* UILabelType.swift in Sources */ = {isa = PBXBuildFile; fileRef = 36732EC42360D5F00050A066 /* UILabelType.swift */; };
		36E3639D23CFB1EE001EFDEA /* DependenciesType.swift in Sources */ = {isa = PBXBuildFile; fileRef = 36E3639C23CFB1EE001EFDEA /* DependenciesType.swift */; };
		36E363A023CFB232001EFDEA /* CounterViewModelProviderType.swift in Sources */ = {isa = PBXBuildFile; fileRef = 36E3639F23CFB232001EFDEA /* CounterViewModelProviderType.swift */; };
		36E363A123CFB256001EFDEA /* CounterViewModelProviderType.swift in Sources */ = {isa = PBXBuildFile; fileRef = 36E3639F23CFB232001EFDEA /* CounterViewModelProviderType.swift */; };
		36E363A323CFB34F001EFDEA /* CounterViewModelProviderType+Shared.swift in Sources */ = {isa = PBXBuildFile; fileRef = 36E363A223CFB34F001EFDEA /* CounterViewModelProviderType+Shared.swift */; };
		36E363A523CFB4DC001EFDEA /* Dependencies.swift in Sources */ = {isa = PBXBuildFile; fileRef = 36E363A423CFB4DC001EFDEA /* Dependencies.swift */; };
		36E363A823CFB61A001EFDEA /* CounterViewModelType.swift in Sources */ = {isa = PBXBuildFile; fileRef = 36E363A723CFB61A001EFDEA /* CounterViewModelType.swift */; };
		36E363AA23CFB633001EFDEA /* CounterViewType.swift in Sources */ = {isa = PBXBuildFile; fileRef = 36E363A923CFB633001EFDEA /* CounterViewType.swift */; };
		36E363AB23CFB633001EFDEA /* CounterViewType.swift in Sources */ = {isa = PBXBuildFile; fileRef = 36E363A923CFB633001EFDEA /* CounterViewType.swift */; };
		36E363AC23CFB640001EFDEA /* CounterViewModelType.swift in Sources */ = {isa = PBXBuildFile; fileRef = 36E363A723CFB61A001EFDEA /* CounterViewModelType.swift */; };
		36E363B023CFB83F001EFDEA /* MockCounterViewModel.swift in Sources */ = {isa = PBXBuildFile; fileRef = 36E363AE23CFB83F001EFDEA /* MockCounterViewModel.swift */; };
		36FB852E23B5251A009F4A0E /* CounterCommunicatorIntegrationTests.swift in Sources */ = {isa = PBXBuildFile; fileRef = 36FB852D23B5251A009F4A0E /* CounterCommunicatorIntegrationTests.swift */; };
		36FB853723B551A2009F4A0E /* CounterCommunicator.swift in Sources */ = {isa = PBXBuildFile; fileRef = 36FB853623B551A2009F4A0E /* CounterCommunicator.swift */; };
		36FB853B23B66B42009F4A0E /* Count.swift in Sources */ = {isa = PBXBuildFile; fileRef = 36FB853A23B66B42009F4A0E /* Count.swift */; };
		36FD0655234FA95700CF676C /* CounterViewModel.swift in Sources */ = {isa = PBXBuildFile; fileRef = 36FD0654234FA95700CF676C /* CounterViewModel.swift */; };
		36FD0657234FA96700CF676C /* CounterViewModelTests.swift in Sources */ = {isa = PBXBuildFile; fileRef = 36FD0656234FA96700CF676C /* CounterViewModelTests.swift */; };
		36FD065A234FAA2100CF676C /* CounterLogicController.swift in Sources */ = {isa = PBXBuildFile; fileRef = 36FD0659234FAA2100CF676C /* CounterLogicController.swift */; };
		36FD065D234FAA7400CF676C /* CounterLogicControllerTests.swift in Sources */ = {isa = PBXBuildFile; fileRef = 36FD065C234FAA7400CF676C /* CounterLogicControllerTests.swift */; };
		36FD0660234FAD3F00CF676C /* MockCounterLogicController.swift in Sources */ = {isa = PBXBuildFile; fileRef = 36FD065F234FAD3F00CF676C /* MockCounterLogicController.swift */; };
		4B65D3BAFFE600E76F997966 /* Pods_HeadlessFunctionalTests.framework in Frameworks */ = {isa = PBXBuildFile; fileRef = 2AAB533DEFA15FD76A3CAEF6 /* Pods_HeadlessFunctionalTests.framework */; };
		9FFE748114755CE960A51D37 /* Pods_Clicker.framework in Frameworks */ = {isa = PBXBuildFile; fileRef = 8CA9602EAEB5230321A42819 /* Pods_Clicker.framework */; };
/* End PBXBuildFile section */

/* Begin PBXContainerItemProxy section */
		364ACCF7234FA66B00260E25 /* PBXContainerItemProxy */ = {
			isa = PBXContainerItemProxy;
			containerPortal = 364ACCDA234FA66900260E25 /* Project object */;
			proxyType = 1;
			remoteGlobalIDString = 364ACCE1234FA66900260E25;
			remoteInfo = Clicker;
		};
		3671B4BF23EB146C00C56CC2 /* PBXContainerItemProxy */ = {
			isa = PBXContainerItemProxy;
			containerPortal = 364ACCDA234FA66900260E25 /* Project object */;
			proxyType = 1;
			remoteGlobalIDString = 364ACCE1234FA66900260E25;
			remoteInfo = Clicker;
		};
		36732EAE23592DCE0050A066 /* PBXContainerItemProxy */ = {
			isa = PBXContainerItemProxy;
			containerPortal = 364ACCDA234FA66900260E25 /* Project object */;
			proxyType = 1;
			remoteGlobalIDString = 364ACCE1234FA66900260E25;
			remoteInfo = Clicker;
		};
		36E3638C23CFB001001EFDEA /* PBXContainerItemProxy */ = {
			isa = PBXContainerItemProxy;
			containerPortal = 364ACCDA234FA66900260E25 /* Project object */;
			proxyType = 1;
			remoteGlobalIDString = 36E3637523CFAFFE001EFDEA;
			remoteInfo = ThinUIHarness;
		};
		36FB853023B5251A009F4A0E /* PBXContainerItemProxy */ = {
			isa = PBXContainerItemProxy;
			containerPortal = 364ACCDA234FA66900260E25 /* Project object */;
			proxyType = 1;
			remoteGlobalIDString = 364ACCE1234FA66900260E25;
			remoteInfo = Clicker;
		};
/* End PBXContainerItemProxy section */

/* Begin PBXFileReference section */
		2AAB533DEFA15FD76A3CAEF6 /* Pods_HeadlessFunctionalTests.framework */ = {isa = PBXFileReference; explicitFileType = wrapper.framework; includeInIndex = 0; path = Pods_HeadlessFunctionalTests.framework; sourceTree = BUILT_PRODUCTS_DIR; };
		363DF97223BA8F8D00869BD6 /* MockCounterCommunicator.swift */ = {isa = PBXFileReference; lastKnownFileType = sourcecode.swift; path = MockCounterCommunicator.swift; sourceTree = "<group>"; };
		363DF97523BB97AB00869BD6 /* Encodable+toJsonData.swift */ = {isa = PBXFileReference; lastKnownFileType = sourcecode.swift; path = "Encodable+toJsonData.swift"; sourceTree = "<group>"; };
		363DF97723BB97BE00869BD6 /* String+Error.swift */ = {isa = PBXFileReference; lastKnownFileType = sourcecode.swift; path = "String+Error.swift"; sourceTree = "<group>"; };
		363DF97923BB97E000869BD6 /* JSONDecoder+decode+Result.swift */ = {isa = PBXFileReference; lastKnownFileType = sourcecode.swift; path = "JSONDecoder+decode+Result.swift"; sourceTree = "<group>"; };
		363DF97B23BB982700869BD6 /* Decodable+from.swift */ = {isa = PBXFileReference; lastKnownFileType = sourcecode.swift; path = "Decodable+from.swift"; sourceTree = "<group>"; };
		363DF97D23BB990100869BD6 /* CommunicatorType.swift */ = {isa = PBXFileReference; lastKnownFileType = sourcecode.swift; path = CommunicatorType.swift; sourceTree = "<group>"; };
		363DF97F23BBCEB900869BD6 /* WiremockVerify.swift */ = {isa = PBXFileReference; lastKnownFileType = sourcecode.swift; path = WiremockVerify.swift; sourceTree = "<group>"; };
		363DF98323BBF32100869BD6 /* WiremockClient+CounterStubs.swift */ = {isa = PBXFileReference; lastKnownFileType = sourcecode.swift; path = "WiremockClient+CounterStubs.swift"; sourceTree = "<group>"; };
		364ACCE2234FA66900260E25 /* Clicker.app */ = {isa = PBXFileReference; explicitFileType = wrapper.application; includeInIndex = 0; path = Clicker.app; sourceTree = BUILT_PRODUCTS_DIR; };
		364ACCE5234FA66900260E25 /* AppDelegate.swift */ = {isa = PBXFileReference; lastKnownFileType = sourcecode.swift; path = AppDelegate.swift; sourceTree = "<group>"; };
		364ACCEC234FA66A00260E25 /* Assets.xcassets */ = {isa = PBXFileReference; lastKnownFileType = folder.assetcatalog; path = Assets.xcassets; sourceTree = "<group>"; };
		364ACCF1234FA66A00260E25 /* Info.plist */ = {isa = PBXFileReference; lastKnownFileType = text.plist.xml; path = Info.plist; sourceTree = "<group>"; };
		364ACCF6234FA66B00260E25 /* ClickerTests.xctest */ = {isa = PBXFileReference; explicitFileType = wrapper.cfbundle; includeInIndex = 0; path = ClickerTests.xctest; sourceTree = BUILT_PRODUCTS_DIR; };
		364ACCFC234FA66B00260E25 /* Info.plist */ = {isa = PBXFileReference; lastKnownFileType = text.plist.xml; path = Info.plist; sourceTree = "<group>"; };
		366BB2B623E398C300310FE0 /* main.swift */ = {isa = PBXFileReference; lastKnownFileType = sourcecode.swift; path = main.swift; sourceTree = "<group>"; };
		366BB2B823E483B000310FE0 /* SelfHydratingViewController.swift */ = {isa = PBXFileReference; lastKnownFileType = sourcecode.swift; path = SelfHydratingViewController.swift; sourceTree = "<group>"; };
		366BB2FB23E83FD500310FE0 /* CounterPageViewController.xib */ = {isa = PBXFileReference; lastKnownFileType = file.xib; path = CounterPageViewController.xib; sourceTree = "<group>"; };
		3671B4BA23EA280700C56CC2 /* LaunchScreen.storyboard */ = {isa = PBXFileReference; lastKnownFileType = file.storyboard; path = LaunchScreen.storyboard; sourceTree = "<group>"; };
		3671B4BC23EAEAA500C56CC2 /* XCUIApplication+withView.swift */ = {isa = PBXFileReference; lastKnownFileType = sourcecode.swift; path = "XCUIApplication+withView.swift"; sourceTree = "<group>"; };
		36732EA923592DCE0050A066 /* HeadlessFunctionalTests.xctest */ = {isa = PBXFileReference; explicitFileType = wrapper.cfbundle; includeInIndex = 0; path = HeadlessFunctionalTests.xctest; sourceTree = BUILT_PRODUCTS_DIR; };
		36732EAD23592DCE0050A066 /* Info.plist */ = {isa = PBXFileReference; lastKnownFileType = text.plist.xml; path = Info.plist; sourceTree = "<group>"; };
		36732EB7235930290050A066 /* InMemoryCounterRepository.swift */ = {isa = PBXFileReference; lastKnownFileType = sourcecode.swift; path = InMemoryCounterRepository.swift; sourceTree = "<group>"; };
		36732EB9235930D50050A066 /* CounterRepositoryTests.swift */ = {isa = PBXFileReference; lastKnownFileType = sourcecode.swift; path = CounterRepositoryTests.swift; sourceTree = "<group>"; };
		36732EBB235931F20050A066 /* MockCounterRepository.swift */ = {isa = PBXFileReference; lastKnownFileType = sourcecode.swift; path = MockCounterRepository.swift; sourceTree = "<group>"; };
		36732EC0235CCE870050A066 /* DependenciesTests.swift */ = {isa = PBXFileReference; lastKnownFileType = sourcecode.swift; path = DependenciesTests.swift; sourceTree = "<group>"; };
		36732EC2235F7FDD0050A066 /* MockDependencies.swift */ = {isa = PBXFileReference; lastKnownFileType = sourcecode.swift; path = MockDependencies.swift; sourceTree = "<group>"; };
		36732EC42360D5F00050A066 /* UILabelType.swift */ = {isa = PBXFileReference; lastKnownFileType = sourcecode.swift; path = UILabelType.swift; sourceTree = "<group>"; };
		36732EC62360D64A0050A066 /* MockUILabel.swift */ = {isa = PBXFileReference; lastKnownFileType = sourcecode.swift; path = MockUILabel.swift; sourceTree = "<group>"; };
		36C4B80C234FD07B003BC64C /* MockCounterView.swift */ = {isa = PBXFileReference; lastKnownFileType = sourcecode.swift; path = MockCounterView.swift; sourceTree = "<group>"; };
		36C4B80E234FD31A003BC64C /* CounterPageViewController.swift */ = {isa = PBXFileReference; lastKnownFileType = sourcecode.swift; path = CounterPageViewController.swift; sourceTree = "<group>"; };
		36C4B810234FE758003BC64C /* Dependencies.swift */ = {isa = PBXFileReference; lastKnownFileType = sourcecode.swift; path = Dependencies.swift; sourceTree = "<group>"; };
		36C4B812234FEAA4003BC64C /* CounterPageViewControllerTests.swift */ = {isa = PBXFileReference; lastKnownFileType = sourcecode.swift; path = CounterPageViewControllerTests.swift; sourceTree = "<group>"; };
		36C4B814234FEADB003BC64C /* MockCounterViewModel.swift */ = {isa = PBXFileReference; lastKnownFileType = sourcecode.swift; path = MockCounterViewModel.swift; sourceTree = "<group>"; };
		36C4B81B2350A885003BC64C /* main.swift */ = {isa = PBXFileReference; lastKnownFileType = sourcecode.swift; path = main.swift; sourceTree = "<group>"; };
		36D4A7FE2358FF9B00E0BC48 /* CounterTests.swift */ = {isa = PBXFileReference; lastKnownFileType = sourcecode.swift; path = CounterTests.swift; sourceTree = "<group>"; };
		36E3637623CFAFFE001EFDEA /* ThinUIHarness.app */ = {isa = PBXFileReference; explicitFileType = wrapper.application; includeInIndex = 0; path = ThinUIHarness.app; sourceTree = BUILT_PRODUCTS_DIR; };
		36E3637823CFAFFE001EFDEA /* AppDelegate.swift */ = {isa = PBXFileReference; lastKnownFileType = sourcecode.swift; path = AppDelegate.swift; sourceTree = "<group>"; };
		36E3637A23CFAFFE001EFDEA /* SceneDelegate.swift */ = {isa = PBXFileReference; lastKnownFileType = sourcecode.swift; path = SceneDelegate.swift; sourceTree = "<group>"; };
		36E3637F23CFAFFE001EFDEA /* Base */ = {isa = PBXFileReference; lastKnownFileType = file.storyboard; name = Base; path = Base.lproj/ThinUIMain.storyboard; sourceTree = "<group>"; };
		36E3638123CFB001001EFDEA /* Assets.xcassets */ = {isa = PBXFileReference; lastKnownFileType = folder.assetcatalog; path = Assets.xcassets; sourceTree = "<group>"; };
		36E3638423CFB001001EFDEA /* Base */ = {isa = PBXFileReference; lastKnownFileType = file.storyboard; name = Base; path = Base.lproj/LaunchScreen.storyboard; sourceTree = "<group>"; };
		36E3638623CFB001001EFDEA /* Info.plist */ = {isa = PBXFileReference; lastKnownFileType = text.plist.xml; path = Info.plist; sourceTree = "<group>"; };
		36E3638B23CFB001001EFDEA /* ThinUIHarnessUITests.xctest */ = {isa = PBXFileReference; explicitFileType = wrapper.cfbundle; includeInIndex = 0; path = ThinUIHarnessUITests.xctest; sourceTree = BUILT_PRODUCTS_DIR; };
		36E3638F23CFB001001EFDEA /* ThinUIHarnessUITests.swift */ = {isa = PBXFileReference; lastKnownFileType = sourcecode.swift; path = ThinUIHarnessUITests.swift; sourceTree = "<group>"; };
		36E3639123CFB001001EFDEA /* Info.plist */ = {isa = PBXFileReference; lastKnownFileType = text.plist.xml; path = Info.plist; sourceTree = "<group>"; };
		36E3639C23CFB1EE001EFDEA /* DependenciesType.swift */ = {isa = PBXFileReference; lastKnownFileType = sourcecode.swift; path = DependenciesType.swift; sourceTree = "<group>"; };
		36E3639F23CFB232001EFDEA /* CounterViewModelProviderType.swift */ = {isa = PBXFileReference; lastKnownFileType = sourcecode.swift; path = CounterViewModelProviderType.swift; sourceTree = "<group>"; };
		36E363A223CFB34F001EFDEA /* CounterViewModelProviderType+Shared.swift */ = {isa = PBXFileReference; lastKnownFileType = sourcecode.swift; path = "CounterViewModelProviderType+Shared.swift"; sourceTree = "<group>"; };
		36E363A423CFB4DC001EFDEA /* Dependencies.swift */ = {isa = PBXFileReference; lastKnownFileType = sourcecode.swift; path = Dependencies.swift; sourceTree = "<group>"; };
		36E363A723CFB61A001EFDEA /* CounterViewModelType.swift */ = {isa = PBXFileReference; lastKnownFileType = sourcecode.swift; path = CounterViewModelType.swift; sourceTree = "<group>"; };
		36E363A923CFB633001EFDEA /* CounterViewType.swift */ = {isa = PBXFileReference; lastKnownFileType = sourcecode.swift; path = CounterViewType.swift; sourceTree = "<group>"; };
		36E363AE23CFB83F001EFDEA /* MockCounterViewModel.swift */ = {isa = PBXFileReference; lastKnownFileType = sourcecode.swift; path = MockCounterViewModel.swift; sourceTree = "<group>"; };
		36FB852B23B5251A009F4A0E /* ClickerIntegrationTests.xctest */ = {isa = PBXFileReference; explicitFileType = wrapper.cfbundle; includeInIndex = 0; path = ClickerIntegrationTests.xctest; sourceTree = BUILT_PRODUCTS_DIR; };
		36FB852D23B5251A009F4A0E /* CounterCommunicatorIntegrationTests.swift */ = {isa = PBXFileReference; lastKnownFileType = sourcecode.swift; path = CounterCommunicatorIntegrationTests.swift; sourceTree = "<group>"; };
		36FB852F23B5251A009F4A0E /* Info.plist */ = {isa = PBXFileReference; lastKnownFileType = text.plist.xml; path = Info.plist; sourceTree = "<group>"; };
		36FB853623B551A2009F4A0E /* CounterCommunicator.swift */ = {isa = PBXFileReference; lastKnownFileType = sourcecode.swift; path = CounterCommunicator.swift; sourceTree = "<group>"; };
		36FB853A23B66B42009F4A0E /* Count.swift */ = {isa = PBXFileReference; lastKnownFileType = sourcecode.swift; path = Count.swift; sourceTree = "<group>"; };
		36FD0654234FA95700CF676C /* CounterViewModel.swift */ = {isa = PBXFileReference; lastKnownFileType = sourcecode.swift; path = CounterViewModel.swift; sourceTree = "<group>"; };
		36FD0656234FA96700CF676C /* CounterViewModelTests.swift */ = {isa = PBXFileReference; lastKnownFileType = sourcecode.swift; path = CounterViewModelTests.swift; sourceTree = "<group>"; };
		36FD0659234FAA2100CF676C /* CounterLogicController.swift */ = {isa = PBXFileReference; lastKnownFileType = sourcecode.swift; path = CounterLogicController.swift; sourceTree = "<group>"; };
		36FD065C234FAA7400CF676C /* CounterLogicControllerTests.swift */ = {isa = PBXFileReference; lastKnownFileType = sourcecode.swift; path = CounterLogicControllerTests.swift; sourceTree = "<group>"; };
		36FD065F234FAD3F00CF676C /* MockCounterLogicController.swift */ = {isa = PBXFileReference; lastKnownFileType = sourcecode.swift; path = MockCounterLogicController.swift; sourceTree = "<group>"; };
		51DFF8B1610FD03ED5450E59 /* Pods-ClickerTests.debug.xcconfig */ = {isa = PBXFileReference; includeInIndex = 1; lastKnownFileType = text.xcconfig; name = "Pods-ClickerTests.debug.xcconfig"; path = "Target Support Files/Pods-ClickerTests/Pods-ClickerTests.debug.xcconfig"; sourceTree = "<group>"; };
		89DEA7C529C55AE0ACEEF438 /* Pods_ClickerTests.framework */ = {isa = PBXFileReference; explicitFileType = wrapper.framework; includeInIndex = 0; path = Pods_ClickerTests.framework; sourceTree = BUILT_PRODUCTS_DIR; };
		8A63D27B6FE3D04855B62CA9 /* Pods_ClickerIntegrationTests.framework */ = {isa = PBXFileReference; explicitFileType = wrapper.framework; includeInIndex = 0; path = Pods_ClickerIntegrationTests.framework; sourceTree = BUILT_PRODUCTS_DIR; };
		8CA9602EAEB5230321A42819 /* Pods_Clicker.framework */ = {isa = PBXFileReference; explicitFileType = wrapper.framework; includeInIndex = 0; path = Pods_Clicker.framework; sourceTree = BUILT_PRODUCTS_DIR; };
		98D2A222793B29D54F841EBF /* Pods-ClickerIntegrationTests.release.xcconfig */ = {isa = PBXFileReference; includeInIndex = 1; lastKnownFileType = text.xcconfig; name = "Pods-ClickerIntegrationTests.release.xcconfig"; path = "Target Support Files/Pods-ClickerIntegrationTests/Pods-ClickerIntegrationTests.release.xcconfig"; sourceTree = "<group>"; };
		A16732F8C31507CDC2CD3443 /* Pods-ClickerIntegrationTests.debug.xcconfig */ = {isa = PBXFileReference; includeInIndex = 1; lastKnownFileType = text.xcconfig; name = "Pods-ClickerIntegrationTests.debug.xcconfig"; path = "Target Support Files/Pods-ClickerIntegrationTests/Pods-ClickerIntegrationTests.debug.xcconfig"; sourceTree = "<group>"; };
		A7F092131B8E83FCD27507BC /* Pods-Clicker.debug.xcconfig */ = {isa = PBXFileReference; includeInIndex = 1; lastKnownFileType = text.xcconfig; name = "Pods-Clicker.debug.xcconfig"; path = "Target Support Files/Pods-Clicker/Pods-Clicker.debug.xcconfig"; sourceTree = "<group>"; };
		A9BE2068CB1F5D449E23B9F1 /* Pods-HeadlessFunctionalTests.release.xcconfig */ = {isa = PBXFileReference; includeInIndex = 1; lastKnownFileType = text.xcconfig; name = "Pods-HeadlessFunctionalTests.release.xcconfig"; path = "Target Support Files/Pods-HeadlessFunctionalTests/Pods-HeadlessFunctionalTests.release.xcconfig"; sourceTree = "<group>"; };
		C9D2242C40F055D2BCDC73CE /* Pods-Clicker.release.xcconfig */ = {isa = PBXFileReference; includeInIndex = 1; lastKnownFileType = text.xcconfig; name = "Pods-Clicker.release.xcconfig"; path = "Target Support Files/Pods-Clicker/Pods-Clicker.release.xcconfig"; sourceTree = "<group>"; };
		D3F0C8FFD52C7DA90946EE91 /* Pods-HeadlessFunctionalTests.debug.xcconfig */ = {isa = PBXFileReference; includeInIndex = 1; lastKnownFileType = text.xcconfig; name = "Pods-HeadlessFunctionalTests.debug.xcconfig"; path = "Target Support Files/Pods-HeadlessFunctionalTests/Pods-HeadlessFunctionalTests.debug.xcconfig"; sourceTree = "<group>"; };
		E73750329F7F99DF7C9B9065 /* Pods-ClickerTests.release.xcconfig */ = {isa = PBXFileReference; includeInIndex = 1; lastKnownFileType = text.xcconfig; name = "Pods-ClickerTests.release.xcconfig"; path = "Target Support Files/Pods-ClickerTests/Pods-ClickerTests.release.xcconfig"; sourceTree = "<group>"; };
/* End PBXFileReference section */

/* Begin PBXFrameworksBuildPhase section */
		364ACCDF234FA66900260E25 /* Frameworks */ = {
			isa = PBXFrameworksBuildPhase;
			buildActionMask = 2147483647;
			files = (
				9FFE748114755CE960A51D37 /* Pods_Clicker.framework in Frameworks */,
			);
			runOnlyForDeploymentPostprocessing = 0;
		};
		364ACCF3234FA66B00260E25 /* Frameworks */ = {
			isa = PBXFrameworksBuildPhase;
			buildActionMask = 2147483647;
			files = (
				00AF2B8A3C0FDF86268B086B /* Pods_ClickerTests.framework in Frameworks */,
			);
			runOnlyForDeploymentPostprocessing = 0;
		};
		36732EA623592DCE0050A066 /* Frameworks */ = {
			isa = PBXFrameworksBuildPhase;
			buildActionMask = 2147483647;
			files = (
				4B65D3BAFFE600E76F997966 /* Pods_HeadlessFunctionalTests.framework in Frameworks */,
			);
			runOnlyForDeploymentPostprocessing = 0;
		};
		36E3637323CFAFFE001EFDEA /* Frameworks */ = {
			isa = PBXFrameworksBuildPhase;
			buildActionMask = 2147483647;
			files = (
			);
			runOnlyForDeploymentPostprocessing = 0;
		};
		36E3638823CFB001001EFDEA /* Frameworks */ = {
			isa = PBXFrameworksBuildPhase;
			buildActionMask = 2147483647;
			files = (
			);
			runOnlyForDeploymentPostprocessing = 0;
		};
		36FB852823B5251A009F4A0E /* Frameworks */ = {
			isa = PBXFrameworksBuildPhase;
			buildActionMask = 2147483647;
			files = (
				2486F783A3D217270D1BA932 /* Pods_ClickerIntegrationTests.framework in Frameworks */,
			);
			runOnlyForDeploymentPostprocessing = 0;
		};
/* End PBXFrameworksBuildPhase section */

/* Begin PBXGroup section */
		363DF97423BB979400869BD6 /* Extensions */ = {
			isa = PBXGroup;
			children = (
				363DF97B23BB982700869BD6 /* Decodable+from.swift */,
				363DF97523BB97AB00869BD6 /* Encodable+toJsonData.swift */,
				363DF97923BB97E000869BD6 /* JSONDecoder+decode+Result.swift */,
				363DF97723BB97BE00869BD6 /* String+Error.swift */,
			);
			path = Extensions;
			sourceTree = "<group>";
		};
		363DF98223BBF30600869BD6 /* Wiremock */ = {
			isa = PBXGroup;
			children = (
				363DF97F23BBCEB900869BD6 /* WiremockVerify.swift */,
				363DF98323BBF32100869BD6 /* WiremockClient+CounterStubs.swift */,
			);
			path = Wiremock;
			sourceTree = "<group>";
		};
		364ACCD9234FA66900260E25 = {
			isa = PBXGroup;
			children = (
				364ACCE4234FA66900260E25 /* Clicker */,
				364ACCF9234FA66B00260E25 /* ClickerTests */,
				36FB852C23B5251A009F4A0E /* ClickerIntegrationTests */,
				36C4B816234FEB56003BC64C /* HeadlessFunctionalTests */,
				363DF98223BBF30600869BD6 /* Wiremock */,
				36E3637723CFAFFE001EFDEA /* ThinUIHarness */,
				36E3638E23CFB001001EFDEA /* ThinUIHarnessUITests */,
				364ACCE3234FA66900260E25 /* Products */,
				A477F140B15816340FCCF61F /* Pods */,
				5E7CD1FCA6DC6EAA9B36A3FA /* Frameworks */,
			);
			sourceTree = "<group>";
		};
		364ACCE3234FA66900260E25 /* Products */ = {
			isa = PBXGroup;
			children = (
				364ACCE2234FA66900260E25 /* Clicker.app */,
				364ACCF6234FA66B00260E25 /* ClickerTests.xctest */,
				36732EA923592DCE0050A066 /* HeadlessFunctionalTests.xctest */,
				36FB852B23B5251A009F4A0E /* ClickerIntegrationTests.xctest */,
				36E3637623CFAFFE001EFDEA /* ThinUIHarness.app */,
				36E3638B23CFB001001EFDEA /* ThinUIHarnessUITests.xctest */,
			);
			name = Products;
			sourceTree = "<group>";
		};
		364ACCE4234FA66900260E25 /* Clicker */ = {
			isa = PBXGroup;
			children = (
				363DF97423BB979400869BD6 /* Extensions */,
				36FD0658234FAA1500CF676C /* Model */,
				36FB853523B55195009F4A0E /* Networking */,
				36FD0652234FA93900CF676C /* View */,
				364ACCE5234FA66900260E25 /* AppDelegate.swift */,
				364ACCEC234FA66A00260E25 /* Assets.xcassets */,
				36C4B810234FE758003BC64C /* Dependencies.swift */,
				364ACCF1234FA66A00260E25 /* Info.plist */,
				36C4B81B2350A885003BC64C /* main.swift */,
				36E3639C23CFB1EE001EFDEA /* DependenciesType.swift */,
				36E3639F23CFB232001EFDEA /* CounterViewModelProviderType.swift */,
				36E363A223CFB34F001EFDEA /* CounterViewModelProviderType+Shared.swift */,
				366BB2B823E483B000310FE0 /* SelfHydratingViewController.swift */,
			);
			path = Clicker;
			sourceTree = "<group>";
		};
		364ACCF9234FA66B00260E25 /* ClickerTests */ = {
			isa = PBXGroup;
			children = (
				36FD065E234FAD2C00CF676C /* Mocks */,
				36FD065B234FAA6100CF676C /* Model */,
				36FD0653234FA94200CF676C /* View */,
				364ACCFC234FA66B00260E25 /* Info.plist */,
				36732EC0235CCE870050A066 /* DependenciesTests.swift */,
			);
			path = ClickerTests;
			sourceTree = "<group>";
		};
		36C4B816234FEB56003BC64C /* HeadlessFunctionalTests */ = {
			isa = PBXGroup;
			children = (
				36732EAD23592DCE0050A066 /* Info.plist */,
				36D4A7FE2358FF9B00E0BC48 /* CounterTests.swift */,
			);
			path = HeadlessFunctionalTests;
			sourceTree = "<group>";
		};
		36E3637723CFAFFE001EFDEA /* ThinUIHarness */ = {
			isa = PBXGroup;
			children = (
				36E3637823CFAFFE001EFDEA /* AppDelegate.swift */,
				36E3637A23CFAFFE001EFDEA /* SceneDelegate.swift */,
				36E3637E23CFAFFE001EFDEA /* ThinUIMain.storyboard */,
				36E3638123CFB001001EFDEA /* Assets.xcassets */,
				36E3638323CFB001001EFDEA /* LaunchScreen.storyboard */,
				36E3638623CFB001001EFDEA /* Info.plist */,
				36E363A423CFB4DC001EFDEA /* Dependencies.swift */,
				36E363AE23CFB83F001EFDEA /* MockCounterViewModel.swift */,
				366BB2B623E398C300310FE0 /* main.swift */,
			);
			path = ThinUIHarness;
			sourceTree = "<group>";
		};
		36E3638E23CFB001001EFDEA /* ThinUIHarnessUITests */ = {
			isa = PBXGroup;
			children = (
				36E3638F23CFB001001EFDEA /* ThinUIHarnessUITests.swift */,
				3671B4BC23EAEAA500C56CC2 /* XCUIApplication+withView.swift */,
				36E3639123CFB001001EFDEA /* Info.plist */,
			);
			path = ThinUIHarnessUITests;
			sourceTree = "<group>";
		};
		36FB852C23B5251A009F4A0E /* ClickerIntegrationTests */ = {
			isa = PBXGroup;
			children = (
				36FB852D23B5251A009F4A0E /* CounterCommunicatorIntegrationTests.swift */,
				36FB852F23B5251A009F4A0E /* Info.plist */,
			);
			path = ClickerIntegrationTests;
			sourceTree = "<group>";
		};
		36FB853523B55195009F4A0E /* Networking */ = {
			isa = PBXGroup;
			children = (
				363DF97D23BB990100869BD6 /* CommunicatorType.swift */,
				36FB853623B551A2009F4A0E /* CounterCommunicator.swift */,
			);
			path = Networking;
			sourceTree = "<group>";
		};
		36FD0652234FA93900CF676C /* View */ = {
			isa = PBXGroup;
			children = (
				36C4B80E234FD31A003BC64C /* CounterPageViewController.swift */,
				36FD0654234FA95700CF676C /* CounterViewModel.swift */,
				36732EC42360D5F00050A066 /* UILabelType.swift */,
				36E363A723CFB61A001EFDEA /* CounterViewModelType.swift */,
				36E363A923CFB633001EFDEA /* CounterViewType.swift */,
				366BB2FB23E83FD500310FE0 /* CounterPageViewController.xib */,
				3671B4BA23EA280700C56CC2 /* LaunchScreen.storyboard */,
			);
			path = View;
			sourceTree = "<group>";
		};
		36FD0653234FA94200CF676C /* View */ = {
			isa = PBXGroup;
			children = (
				36FD0656234FA96700CF676C /* CounterViewModelTests.swift */,
				36C4B812234FEAA4003BC64C /* CounterPageViewControllerTests.swift */,
			);
			path = View;
			sourceTree = "<group>";
		};
		36FD0658234FAA1500CF676C /* Model */ = {
			isa = PBXGroup;
			children = (
				36FB853A23B66B42009F4A0E /* Count.swift */,
				36FD0659234FAA2100CF676C /* CounterLogicController.swift */,
				36732EB7235930290050A066 /* InMemoryCounterRepository.swift */,
			);
			path = Model;
			sourceTree = "<group>";
		};
		36FD065B234FAA6100CF676C /* Model */ = {
			isa = PBXGroup;
			children = (
				36FD065C234FAA7400CF676C /* CounterLogicControllerTests.swift */,
				36732EB9235930D50050A066 /* CounterRepositoryTests.swift */,
			);
			path = Model;
			sourceTree = "<group>";
		};
		36FD065E234FAD2C00CF676C /* Mocks */ = {
			isa = PBXGroup;
			children = (
				36FD065F234FAD3F00CF676C /* MockCounterLogicController.swift */,
				36C4B80C234FD07B003BC64C /* MockCounterView.swift */,
				36C4B814234FEADB003BC64C /* MockCounterViewModel.swift */,
				36732EBB235931F20050A066 /* MockCounterRepository.swift */,
				36732EC2235F7FDD0050A066 /* MockDependencies.swift */,
				36732EC62360D64A0050A066 /* MockUILabel.swift */,
				363DF97223BA8F8D00869BD6 /* MockCounterCommunicator.swift */,
			);
			path = Mocks;
			sourceTree = "<group>";
		};
		5E7CD1FCA6DC6EAA9B36A3FA /* Frameworks */ = {
			isa = PBXGroup;
			children = (
				8CA9602EAEB5230321A42819 /* Pods_Clicker.framework */,
				89DEA7C529C55AE0ACEEF438 /* Pods_ClickerTests.framework */,
				8A63D27B6FE3D04855B62CA9 /* Pods_ClickerIntegrationTests.framework */,
				2AAB533DEFA15FD76A3CAEF6 /* Pods_HeadlessFunctionalTests.framework */,
			);
			name = Frameworks;
			sourceTree = "<group>";
		};
		A477F140B15816340FCCF61F /* Pods */ = {
			isa = PBXGroup;
			children = (
				A7F092131B8E83FCD27507BC /* Pods-Clicker.debug.xcconfig */,
				C9D2242C40F055D2BCDC73CE /* Pods-Clicker.release.xcconfig */,
				51DFF8B1610FD03ED5450E59 /* Pods-ClickerTests.debug.xcconfig */,
				E73750329F7F99DF7C9B9065 /* Pods-ClickerTests.release.xcconfig */,
				A16732F8C31507CDC2CD3443 /* Pods-ClickerIntegrationTests.debug.xcconfig */,
				98D2A222793B29D54F841EBF /* Pods-ClickerIntegrationTests.release.xcconfig */,
				D3F0C8FFD52C7DA90946EE91 /* Pods-HeadlessFunctionalTests.debug.xcconfig */,
				A9BE2068CB1F5D449E23B9F1 /* Pods-HeadlessFunctionalTests.release.xcconfig */,
			);
			path = Pods;
			sourceTree = "<group>";
		};
/* End PBXGroup section */

/* Begin PBXNativeTarget section */
		364ACCE1234FA66900260E25 /* Clicker */ = {
			isa = PBXNativeTarget;
			buildConfigurationList = 364ACCFF234FA66B00260E25 /* Build configuration list for PBXNativeTarget "Clicker" */;
			buildPhases = (
				84328CA60D92D9A37A209821 /* [CP] Check Pods Manifest.lock */,
				364ACCDE234FA66900260E25 /* Sources */,
				364ACCDF234FA66900260E25 /* Frameworks */,
				364ACCE0234FA66900260E25 /* Resources */,
			);
			buildRules = (
			);
			dependencies = (
			);
			name = Clicker;
			productName = Clicker;
			productReference = 364ACCE2234FA66900260E25 /* Clicker.app */;
			productType = "com.apple.product-type.application";
		};
		364ACCF5234FA66B00260E25 /* ClickerTests */ = {
			isa = PBXNativeTarget;
			buildConfigurationList = 364ACD02234FA66B00260E25 /* Build configuration list for PBXNativeTarget "ClickerTests" */;
			buildPhases = (
				7757FEA83F63D90762AE80DD /* [CP] Check Pods Manifest.lock */,
				364ACCF2234FA66B00260E25 /* Sources */,
				364ACCF3234FA66B00260E25 /* Frameworks */,
				364ACCF4234FA66B00260E25 /* Resources */,
			);
			buildRules = (
			);
			dependencies = (
				364ACCF8234FA66B00260E25 /* PBXTargetDependency */,
			);
			name = ClickerTests;
			productName = ClickerTests;
			productReference = 364ACCF6234FA66B00260E25 /* ClickerTests.xctest */;
			productType = "com.apple.product-type.bundle.unit-test";
		};
		36732EA823592DCE0050A066 /* HeadlessFunctionalTests */ = {
			isa = PBXNativeTarget;
			buildConfigurationList = 36732EB223592DCE0050A066 /* Build configuration list for PBXNativeTarget "HeadlessFunctionalTests" */;
			buildPhases = (
				25C9E99E860DF6DF5311B1DE /* [CP] Check Pods Manifest.lock */,
				36732EA523592DCE0050A066 /* Sources */,
				36732EA623592DCE0050A066 /* Frameworks */,
				36732EA723592DCE0050A066 /* Resources */,
				6C018774E967287CFBCB495A /* [CP] Embed Pods Frameworks */,
			);
			buildRules = (
			);
			dependencies = (
				36732EAF23592DCE0050A066 /* PBXTargetDependency */,
			);
			name = HeadlessFunctionalTests;
			productName = ClickerFunctionalTests;
			productReference = 36732EA923592DCE0050A066 /* HeadlessFunctionalTests.xctest */;
			productType = "com.apple.product-type.bundle.unit-test";
		};
		36E3637523CFAFFE001EFDEA /* ThinUIHarness */ = {
			isa = PBXNativeTarget;
			buildConfigurationList = 36E3639623CFB001001EFDEA /* Build configuration list for PBXNativeTarget "ThinUIHarness" */;
			buildPhases = (
				36E3637223CFAFFE001EFDEA /* Sources */,
				36E3637323CFAFFE001EFDEA /* Frameworks */,
				36E3637423CFAFFE001EFDEA /* Resources */,
			);
			buildRules = (
			);
			dependencies = (
				3671B4C023EB146C00C56CC2 /* PBXTargetDependency */,
			);
			name = ThinUIHarness;
			productName = ThinUIHarness;
			productReference = 36E3637623CFAFFE001EFDEA /* ThinUIHarness.app */;
			productType = "com.apple.product-type.application";
		};
		36E3638A23CFB001001EFDEA /* ThinUIHarnessUITests */ = {
			isa = PBXNativeTarget;
			buildConfigurationList = 36E3639723CFB001001EFDEA /* Build configuration list for PBXNativeTarget "ThinUIHarnessUITests" */;
			buildPhases = (
				36E3638723CFB001001EFDEA /* Sources */,
				36E3638823CFB001001EFDEA /* Frameworks */,
				36E3638923CFB001001EFDEA /* Resources */,
			);
			buildRules = (
			);
			dependencies = (
				36E3638D23CFB001001EFDEA /* PBXTargetDependency */,
			);
			name = ThinUIHarnessUITests;
			productName = ThinUIHarnessUITests;
			productReference = 36E3638B23CFB001001EFDEA /* ThinUIHarnessUITests.xctest */;
			productType = "com.apple.product-type.bundle.ui-testing";
		};
		36FB852A23B5251A009F4A0E /* ClickerIntegrationTests */ = {
			isa = PBXNativeTarget;
			buildConfigurationList = 36FB853423B5251A009F4A0E /* Build configuration list for PBXNativeTarget "ClickerIntegrationTests" */;
			buildPhases = (
				1320F4FEB11448838D335F60 /* [CP] Check Pods Manifest.lock */,
				36FB852723B5251A009F4A0E /* Sources */,
				36FB852823B5251A009F4A0E /* Frameworks */,
				36FB852923B5251A009F4A0E /* Resources */,
				A3BFD3B7EF0B30D0BA389999 /* [CP] Embed Pods Frameworks */,
			);
			buildRules = (
			);
			dependencies = (
				36FB853123B5251A009F4A0E /* PBXTargetDependency */,
			);
			name = ClickerIntegrationTests;
			productName = ClickerIntegrationTests;
			productReference = 36FB852B23B5251A009F4A0E /* ClickerIntegrationTests.xctest */;
			productType = "com.apple.product-type.bundle.unit-test";
		};
/* End PBXNativeTarget section */

/* Begin PBXProject section */
		364ACCDA234FA66900260E25 /* Project object */ = {
			isa = PBXProject;
			attributes = {
				LastSwiftUpdateCheck = 1110;
				LastUpgradeCheck = 1030;
				ORGANIZATIONNAME = "Michael Chaffee";
				TargetAttributes = {
					364ACCE1234FA66900260E25 = {
						CreatedOnToolsVersion = 10.3;
					};
					364ACCF5234FA66B00260E25 = {
						CreatedOnToolsVersion = 10.3;
						TestTargetID = 364ACCE1234FA66900260E25;
					};
					36732EA823592DCE0050A066 = {
						CreatedOnToolsVersion = 10.3;
						TestTargetID = 364ACCE1234FA66900260E25;
					};
					36E3637523CFAFFE001EFDEA = {
						CreatedOnToolsVersion = 11.1;
					};
					36E3638A23CFB001001EFDEA = {
						CreatedOnToolsVersion = 11.1;
						TestTargetID = 36E3637523CFAFFE001EFDEA;
					};
					36FB852A23B5251A009F4A0E = {
						CreatedOnToolsVersion = 11.1;
						TestTargetID = 364ACCE1234FA66900260E25;
					};
				};
			};
			buildConfigurationList = 364ACCDD234FA66900260E25 /* Build configuration list for PBXProject "Clicker" */;
			compatibilityVersion = "Xcode 9.3";
			developmentRegion = en;
			hasScannedForEncodings = 0;
			knownRegions = (
				en,
				Base,
			);
			mainGroup = 364ACCD9234FA66900260E25;
			productRefGroup = 364ACCE3234FA66900260E25 /* Products */;
			projectDirPath = "";
			projectRoot = "";
			targets = (
				364ACCE1234FA66900260E25 /* Clicker */,
				364ACCF5234FA66B00260E25 /* ClickerTests */,
				36FB852A23B5251A009F4A0E /* ClickerIntegrationTests */,
				36732EA823592DCE0050A066 /* HeadlessFunctionalTests */,
				36E3637523CFAFFE001EFDEA /* ThinUIHarness */,
				36E3638A23CFB001001EFDEA /* ThinUIHarnessUITests */,
			);
		};
/* End PBXProject section */

/* Begin PBXResourcesBuildPhase section */
		364ACCE0234FA66900260E25 /* Resources */ = {
			isa = PBXResourcesBuildPhase;
			buildActionMask = 2147483647;
			files = (
				3671B4BB23EA280700C56CC2 /* LaunchScreen.storyboard in Resources */,
				364ACCED234FA66A00260E25 /* Assets.xcassets in Resources */,
				366BB2FC23E83FD500310FE0 /* CounterPageViewController.xib in Resources */,
			);
			runOnlyForDeploymentPostprocessing = 0;
		};
		364ACCF4234FA66B00260E25 /* Resources */ = {
			isa = PBXResourcesBuildPhase;
			buildActionMask = 2147483647;
			files = (
			);
			runOnlyForDeploymentPostprocessing = 0;
		};
		36732EA723592DCE0050A066 /* Resources */ = {
			isa = PBXResourcesBuildPhase;
			buildActionMask = 2147483647;
			files = (
			);
			runOnlyForDeploymentPostprocessing = 0;
		};
		36E3637423CFAFFE001EFDEA /* Resources */ = {
			isa = PBXResourcesBuildPhase;
			buildActionMask = 2147483647;
			files = (
				36E3638523CFB001001EFDEA /* LaunchScreen.storyboard in Resources */,
				36E3638223CFB001001EFDEA /* Assets.xcassets in Resources */,
				366B8BC923E8858E00A1D33B /* CounterPageViewController.xib in Resources */,
				36E3638023CFAFFE001EFDEA /* ThinUIMain.storyboard in Resources */,
			);
			runOnlyForDeploymentPostprocessing = 0;
		};
		36E3638923CFB001001EFDEA /* Resources */ = {
			isa = PBXResourcesBuildPhase;
			buildActionMask = 2147483647;
			files = (
			);
			runOnlyForDeploymentPostprocessing = 0;
		};
		36FB852923B5251A009F4A0E /* Resources */ = {
			isa = PBXResourcesBuildPhase;
			buildActionMask = 2147483647;
			files = (
			);
			runOnlyForDeploymentPostprocessing = 0;
		};
/* End PBXResourcesBuildPhase section */

/* Begin PBXShellScriptBuildPhase section */
		1320F4FEB11448838D335F60 /* [CP] Check Pods Manifest.lock */ = {
			isa = PBXShellScriptBuildPhase;
			buildActionMask = 2147483647;
			files = (
			);
			inputFileListPaths = (
			);
			inputPaths = (
				"${PODS_PODFILE_DIR_PATH}/Podfile.lock",
				"${PODS_ROOT}/Manifest.lock",
			);
			name = "[CP] Check Pods Manifest.lock";
			outputFileListPaths = (
			);
			outputPaths = (
				"$(DERIVED_FILE_DIR)/Pods-ClickerIntegrationTests-checkManifestLockResult.txt",
			);
			runOnlyForDeploymentPostprocessing = 0;
			shellPath = /bin/sh;
			shellScript = "diff \"${PODS_PODFILE_DIR_PATH}/Podfile.lock\" \"${PODS_ROOT}/Manifest.lock\" > /dev/null\nif [ $? != 0 ] ; then\n    # print error to STDERR\n    echo \"error: The sandbox is not in sync with the Podfile.lock. Run 'pod install' or update your CocoaPods installation.\" >&2\n    exit 1\nfi\n# This output is used by Xcode 'outputs' to avoid re-running this script phase.\necho \"SUCCESS\" > \"${SCRIPT_OUTPUT_FILE_0}\"\n";
			showEnvVarsInLog = 0;
		};
		25C9E99E860DF6DF5311B1DE /* [CP] Check Pods Manifest.lock */ = {
			isa = PBXShellScriptBuildPhase;
			buildActionMask = 2147483647;
			files = (
			);
			inputFileListPaths = (
			);
			inputPaths = (
				"${PODS_PODFILE_DIR_PATH}/Podfile.lock",
				"${PODS_ROOT}/Manifest.lock",
			);
			name = "[CP] Check Pods Manifest.lock";
			outputFileListPaths = (
			);
			outputPaths = (
				"$(DERIVED_FILE_DIR)/Pods-HeadlessFunctionalTests-checkManifestLockResult.txt",
			);
			runOnlyForDeploymentPostprocessing = 0;
			shellPath = /bin/sh;
			shellScript = "diff \"${PODS_PODFILE_DIR_PATH}/Podfile.lock\" \"${PODS_ROOT}/Manifest.lock\" > /dev/null\nif [ $? != 0 ] ; then\n    # print error to STDERR\n    echo \"error: The sandbox is not in sync with the Podfile.lock. Run 'pod install' or update your CocoaPods installation.\" >&2\n    exit 1\nfi\n# This output is used by Xcode 'outputs' to avoid re-running this script phase.\necho \"SUCCESS\" > \"${SCRIPT_OUTPUT_FILE_0}\"\n";
			showEnvVarsInLog = 0;
		};
		6C018774E967287CFBCB495A /* [CP] Embed Pods Frameworks */ = {
			isa = PBXShellScriptBuildPhase;
			buildActionMask = 2147483647;
			files = (
			);
			inputFileListPaths = (
				"${PODS_ROOT}/Target Support Files/Pods-HeadlessFunctionalTests/Pods-HeadlessFunctionalTests-frameworks-${CONFIGURATION}-input-files.xcfilelist",
			);
			name = "[CP] Embed Pods Frameworks";
			outputFileListPaths = (
				"${PODS_ROOT}/Target Support Files/Pods-HeadlessFunctionalTests/Pods-HeadlessFunctionalTests-frameworks-${CONFIGURATION}-output-files.xcfilelist",
			);
			runOnlyForDeploymentPostprocessing = 0;
			shellPath = /bin/sh;
			shellScript = "\"${PODS_ROOT}/Target Support Files/Pods-HeadlessFunctionalTests/Pods-HeadlessFunctionalTests-frameworks.sh\"\n";
			showEnvVarsInLog = 0;
		};
		7757FEA83F63D90762AE80DD /* [CP] Check Pods Manifest.lock */ = {
			isa = PBXShellScriptBuildPhase;
			buildActionMask = 2147483647;
			files = (
			);
			inputFileListPaths = (
			);
			inputPaths = (
				"${PODS_PODFILE_DIR_PATH}/Podfile.lock",
				"${PODS_ROOT}/Manifest.lock",
			);
			name = "[CP] Check Pods Manifest.lock";
			outputFileListPaths = (
			);
			outputPaths = (
				"$(DERIVED_FILE_DIR)/Pods-ClickerTests-checkManifestLockResult.txt",
			);
			runOnlyForDeploymentPostprocessing = 0;
			shellPath = /bin/sh;
			shellScript = "diff \"${PODS_PODFILE_DIR_PATH}/Podfile.lock\" \"${PODS_ROOT}/Manifest.lock\" > /dev/null\nif [ $? != 0 ] ; then\n    # print error to STDERR\n    echo \"error: The sandbox is not in sync with the Podfile.lock. Run 'pod install' or update your CocoaPods installation.\" >&2\n    exit 1\nfi\n# This output is used by Xcode 'outputs' to avoid re-running this script phase.\necho \"SUCCESS\" > \"${SCRIPT_OUTPUT_FILE_0}\"\n";
			showEnvVarsInLog = 0;
		};
		84328CA60D92D9A37A209821 /* [CP] Check Pods Manifest.lock */ = {
			isa = PBXShellScriptBuildPhase;
			buildActionMask = 2147483647;
			files = (
			);
			inputFileListPaths = (
			);
			inputPaths = (
				"${PODS_PODFILE_DIR_PATH}/Podfile.lock",
				"${PODS_ROOT}/Manifest.lock",
			);
			name = "[CP] Check Pods Manifest.lock";
			outputFileListPaths = (
			);
			outputPaths = (
				"$(DERIVED_FILE_DIR)/Pods-Clicker-checkManifestLockResult.txt",
			);
			runOnlyForDeploymentPostprocessing = 0;
			shellPath = /bin/sh;
			shellScript = "diff \"${PODS_PODFILE_DIR_PATH}/Podfile.lock\" \"${PODS_ROOT}/Manifest.lock\" > /dev/null\nif [ $? != 0 ] ; then\n    # print error to STDERR\n    echo \"error: The sandbox is not in sync with the Podfile.lock. Run 'pod install' or update your CocoaPods installation.\" >&2\n    exit 1\nfi\n# This output is used by Xcode 'outputs' to avoid re-running this script phase.\necho \"SUCCESS\" > \"${SCRIPT_OUTPUT_FILE_0}\"\n";
			showEnvVarsInLog = 0;
		};
		A3BFD3B7EF0B30D0BA389999 /* [CP] Embed Pods Frameworks */ = {
			isa = PBXShellScriptBuildPhase;
			buildActionMask = 2147483647;
			files = (
			);
			inputFileListPaths = (
				"${PODS_ROOT}/Target Support Files/Pods-ClickerIntegrationTests/Pods-ClickerIntegrationTests-frameworks-${CONFIGURATION}-input-files.xcfilelist",
			);
			name = "[CP] Embed Pods Frameworks";
			outputFileListPaths = (
				"${PODS_ROOT}/Target Support Files/Pods-ClickerIntegrationTests/Pods-ClickerIntegrationTests-frameworks-${CONFIGURATION}-output-files.xcfilelist",
			);
			runOnlyForDeploymentPostprocessing = 0;
			shellPath = /bin/sh;
			shellScript = "\"${PODS_ROOT}/Target Support Files/Pods-ClickerIntegrationTests/Pods-ClickerIntegrationTests-frameworks.sh\"\n";
			showEnvVarsInLog = 0;
		};
/* End PBXShellScriptBuildPhase section */

/* Begin PBXSourcesBuildPhase section */
		364ACCDE234FA66900260E25 /* Sources */ = {
			isa = PBXSourcesBuildPhase;
			buildActionMask = 2147483647;
			files = (
				36FD065A234FAA2100CF676C /* CounterLogicController.swift in Sources */,
				366BB2B923E483B000310FE0 /* SelfHydratingViewController.swift in Sources */,
				36E363AA23CFB633001EFDEA /* CounterViewType.swift in Sources */,
				363DF97823BB97BE00869BD6 /* String+Error.swift in Sources */,
				36FB853B23B66B42009F4A0E /* Count.swift in Sources */,
				364ACCE6234FA66900260E25 /* AppDelegate.swift in Sources */,
				36FB853723B551A2009F4A0E /* CounterCommunicator.swift in Sources */,
				36732EB8235930290050A066 /* InMemoryCounterRepository.swift in Sources */,
				36C4B81C2350A885003BC64C /* main.swift in Sources */,
				36E363A023CFB232001EFDEA /* CounterViewModelProviderType.swift in Sources */,
				36E363A823CFB61A001EFDEA /* CounterViewModelType.swift in Sources */,
				363DF97A23BB97E000869BD6 /* JSONDecoder+decode+Result.swift in Sources */,
				363DF97E23BB990100869BD6 /* CommunicatorType.swift in Sources */,
				363DF97623BB97AB00869BD6 /* Encodable+toJsonData.swift in Sources */,
				36E363A323CFB34F001EFDEA /* CounterViewModelProviderType+Shared.swift in Sources */,
				36E3639D23CFB1EE001EFDEA /* DependenciesType.swift in Sources */,
				363DF97C23BB982700869BD6 /* Decodable+from.swift in Sources */,
				36732EC52360D5F00050A066 /* UILabelType.swift in Sources */,
				36C4B80F234FD31A003BC64C /* CounterPageViewController.swift in Sources */,
				36C4B811234FE758003BC64C /* Dependencies.swift in Sources */,
				36FD0655234FA95700CF676C /* CounterViewModel.swift in Sources */,
			);
			runOnlyForDeploymentPostprocessing = 0;
		};
		364ACCF2234FA66B00260E25 /* Sources */ = {
			isa = PBXSourcesBuildPhase;
			buildActionMask = 2147483647;
			files = (
				36732EC1235CCE870050A066 /* DependenciesTests.swift in Sources */,
				363DF97323BA8F8D00869BD6 /* MockCounterCommunicator.swift in Sources */,
				36732EBC235931F20050A066 /* MockCounterRepository.swift in Sources */,
				36FD065D234FAA7400CF676C /* CounterLogicControllerTests.swift in Sources */,
				36C4B815234FEADB003BC64C /* MockCounterViewModel.swift in Sources */,
				36732EC72360D64A0050A066 /* MockUILabel.swift in Sources */,
				36732EC3235F7FDD0050A066 /* MockDependencies.swift in Sources */,
				36732EBA235930D50050A066 /* CounterRepositoryTests.swift in Sources */,
				36C4B813234FEAA4003BC64C /* CounterPageViewControllerTests.swift in Sources */,
				36C4B80D234FD07B003BC64C /* MockCounterView.swift in Sources */,
				36FD0660234FAD3F00CF676C /* MockCounterLogicController.swift in Sources */,
				36FD0657234FA96700CF676C /* CounterViewModelTests.swift in Sources */,
			);
			runOnlyForDeploymentPostprocessing = 0;
		};
		36732EA523592DCE0050A066 /* Sources */ = {
			isa = PBXSourcesBuildPhase;
			buildActionMask = 2147483647;
			files = (
				36732EB423592EC20050A066 /* MockCounterLogicController.swift in Sources */,
				36732EB323592DDA0050A066 /* CounterTests.swift in Sources */,
				36732EB523592EC20050A066 /* MockCounterView.swift in Sources */,
				363DF98623BBF3E200869BD6 /* WiremockClient+CounterStubs.swift in Sources */,
				36732EB623592EC20050A066 /* MockCounterViewModel.swift in Sources */,
				363DF98723BBF81100869BD6 /* WiremockVerify.swift in Sources */,
			);
			runOnlyForDeploymentPostprocessing = 0;
		};
		36E3637223CFAFFE001EFDEA /* Sources */ = {
			isa = PBXSourcesBuildPhase;
			buildActionMask = 2147483647;
			files = (
				36E363AC23CFB640001EFDEA /* CounterViewModelType.swift in Sources */,
				36E3639B23CFB117001EFDEA /* UILabelType.swift in Sources */,
				36E363B023CFB83F001EFDEA /* MockCounterViewModel.swift in Sources */,
				36E3637923CFAFFE001EFDEA /* AppDelegate.swift in Sources */,
				36E363A523CFB4DC001EFDEA /* Dependencies.swift in Sources */,
				36E363AB23CFB633001EFDEA /* CounterViewType.swift in Sources */,
				366BB2B723E398C300310FE0 /* main.swift in Sources */,
				36E363A123CFB256001EFDEA /* CounterViewModelProviderType.swift in Sources */,
				36E3637B23CFAFFE001EFDEA /* SceneDelegate.swift in Sources */,
				366BB2BB23E484D400310FE0 /* CounterPageViewController.swift in Sources */,
				366BB2BA23E483ED00310FE0 /* SelfHydratingViewController.swift in Sources */,
			);
			runOnlyForDeploymentPostprocessing = 0;
		};
		36E3638723CFB001001EFDEA /* Sources */ = {
			isa = PBXSourcesBuildPhase;
			buildActionMask = 2147483647;
			files = (
				3671B4BE23EAEB0800C56CC2 /* XCUIApplication+withView.swift in Sources */,
				36E3639023CFB001001EFDEA /* ThinUIHarnessUITests.swift in Sources */,
			);
			runOnlyForDeploymentPostprocessing = 0;
		};
		36FB852723B5251A009F4A0E /* Sources */ = {
			isa = PBXSourcesBuildPhase;
			buildActionMask = 2147483647;
			files = (
				36FB852E23B5251A009F4A0E /* CounterCommunicatorIntegrationTests.swift in Sources */,
				363DF98523BBF33F00869BD6 /* WiremockClient+CounterStubs.swift in Sources */,
				363DF98123BBCF2200869BD6 /* WiremockVerify.swift in Sources */,
			);
			runOnlyForDeploymentPostprocessing = 0;
		};
/* End PBXSourcesBuildPhase section */

/* Begin PBXTargetDependency section */
		364ACCF8234FA66B00260E25 /* PBXTargetDependency */ = {
			isa = PBXTargetDependency;
			target = 364ACCE1234FA66900260E25 /* Clicker */;
			targetProxy = 364ACCF7234FA66B00260E25 /* PBXContainerItemProxy */;
		};
		3671B4C023EB146C00C56CC2 /* PBXTargetDependency */ = {
			isa = PBXTargetDependency;
			target = 364ACCE1234FA66900260E25 /* Clicker */;
			targetProxy = 3671B4BF23EB146C00C56CC2 /* PBXContainerItemProxy */;
		};
		36732EAF23592DCE0050A066 /* PBXTargetDependency */ = {
			isa = PBXTargetDependency;
			target = 364ACCE1234FA66900260E25 /* Clicker */;
			targetProxy = 36732EAE23592DCE0050A066 /* PBXContainerItemProxy */;
		};
		36E3638D23CFB001001EFDEA /* PBXTargetDependency */ = {
			isa = PBXTargetDependency;
			target = 36E3637523CFAFFE001EFDEA /* ThinUIHarness */;
			targetProxy = 36E3638C23CFB001001EFDEA /* PBXContainerItemProxy */;
		};
		36FB853123B5251A009F4A0E /* PBXTargetDependency */ = {
			isa = PBXTargetDependency;
			target = 364ACCE1234FA66900260E25 /* Clicker */;
			targetProxy = 36FB853023B5251A009F4A0E /* PBXContainerItemProxy */;
		};
/* End PBXTargetDependency section */

/* Begin PBXVariantGroup section */
		36E3637E23CFAFFE001EFDEA /* ThinUIMain.storyboard */ = {
			isa = PBXVariantGroup;
			children = (
				36E3637F23CFAFFE001EFDEA /* Base */,
			);
			name = ThinUIMain.storyboard;
			sourceTree = "<group>";
		};
		36E3638323CFB001001EFDEA /* LaunchScreen.storyboard */ = {
			isa = PBXVariantGroup;
			children = (
				36E3638423CFB001001EFDEA /* Base */,
			);
			name = LaunchScreen.storyboard;
			sourceTree = "<group>";
		};
/* End PBXVariantGroup section */

/* Begin XCBuildConfiguration section */
		364ACCFD234FA66B00260E25 /* Debug */ = {
			isa = XCBuildConfiguration;
			buildSettings = {
				ALWAYS_SEARCH_USER_PATHS = NO;
				CLANG_ANALYZER_NONNULL = YES;
				CLANG_ANALYZER_NUMBER_OBJECT_CONVERSION = YES_AGGRESSIVE;
				CLANG_CXX_LANGUAGE_STANDARD = "gnu++14";
				CLANG_CXX_LIBRARY = "libc++";
				CLANG_ENABLE_MODULES = YES;
				CLANG_ENABLE_OBJC_ARC = YES;
				CLANG_ENABLE_OBJC_WEAK = YES;
				CLANG_WARN_BLOCK_CAPTURE_AUTORELEASING = YES;
				CLANG_WARN_BOOL_CONVERSION = YES;
				CLANG_WARN_COMMA = YES;
				CLANG_WARN_CONSTANT_CONVERSION = YES;
				CLANG_WARN_DEPRECATED_OBJC_IMPLEMENTATIONS = YES;
				CLANG_WARN_DIRECT_OBJC_ISA_USAGE = YES_ERROR;
				CLANG_WARN_DOCUMENTATION_COMMENTS = YES;
				CLANG_WARN_EMPTY_BODY = YES;
				CLANG_WARN_ENUM_CONVERSION = YES;
				CLANG_WARN_INFINITE_RECURSION = YES;
				CLANG_WARN_INT_CONVERSION = YES;
				CLANG_WARN_NON_LITERAL_NULL_CONVERSION = YES;
				CLANG_WARN_OBJC_IMPLICIT_RETAIN_SELF = YES;
				CLANG_WARN_OBJC_LITERAL_CONVERSION = YES;
				CLANG_WARN_OBJC_ROOT_CLASS = YES_ERROR;
				CLANG_WARN_RANGE_LOOP_ANALYSIS = YES;
				CLANG_WARN_STRICT_PROTOTYPES = YES;
				CLANG_WARN_SUSPICIOUS_MOVE = YES;
				CLANG_WARN_UNGUARDED_AVAILABILITY = YES_AGGRESSIVE;
				CLANG_WARN_UNREACHABLE_CODE = YES;
				CLANG_WARN__DUPLICATE_METHOD_MATCH = YES;
				CODE_SIGN_IDENTITY = "iPhone Developer";
				COPY_PHASE_STRIP = NO;
				DEBUG_INFORMATION_FORMAT = dwarf;
				ENABLE_STRICT_OBJC_MSGSEND = YES;
				ENABLE_TESTABILITY = YES;
				GCC_C_LANGUAGE_STANDARD = gnu11;
				GCC_DYNAMIC_NO_PIC = NO;
				GCC_NO_COMMON_BLOCKS = YES;
				GCC_OPTIMIZATION_LEVEL = 0;
				GCC_PREPROCESSOR_DEFINITIONS = (
					"DEBUG=1",
					"$(inherited)",
				);
				GCC_WARN_64_TO_32_BIT_CONVERSION = YES;
				GCC_WARN_ABOUT_RETURN_TYPE = YES_ERROR;
				GCC_WARN_UNDECLARED_SELECTOR = YES;
				GCC_WARN_UNINITIALIZED_AUTOS = YES_AGGRESSIVE;
				GCC_WARN_UNUSED_FUNCTION = YES;
				GCC_WARN_UNUSED_VARIABLE = YES;
				IPHONEOS_DEPLOYMENT_TARGET = 12.4;
				MTL_ENABLE_DEBUG_INFO = INCLUDE_SOURCE;
				MTL_FAST_MATH = YES;
				ONLY_ACTIVE_ARCH = YES;
				SDKROOT = iphoneos;
				SWIFT_ACTIVE_COMPILATION_CONDITIONS = DEBUG;
				SWIFT_OPTIMIZATION_LEVEL = "-Onone";
			};
			name = Debug;
		};
		364ACCFE234FA66B00260E25 /* Release */ = {
			isa = XCBuildConfiguration;
			buildSettings = {
				ALWAYS_SEARCH_USER_PATHS = NO;
				CLANG_ANALYZER_NONNULL = YES;
				CLANG_ANALYZER_NUMBER_OBJECT_CONVERSION = YES_AGGRESSIVE;
				CLANG_CXX_LANGUAGE_STANDARD = "gnu++14";
				CLANG_CXX_LIBRARY = "libc++";
				CLANG_ENABLE_MODULES = YES;
				CLANG_ENABLE_OBJC_ARC = YES;
				CLANG_ENABLE_OBJC_WEAK = YES;
				CLANG_WARN_BLOCK_CAPTURE_AUTORELEASING = YES;
				CLANG_WARN_BOOL_CONVERSION = YES;
				CLANG_WARN_COMMA = YES;
				CLANG_WARN_CONSTANT_CONVERSION = YES;
				CLANG_WARN_DEPRECATED_OBJC_IMPLEMENTATIONS = YES;
				CLANG_WARN_DIRECT_OBJC_ISA_USAGE = YES_ERROR;
				CLANG_WARN_DOCUMENTATION_COMMENTS = YES;
				CLANG_WARN_EMPTY_BODY = YES;
				CLANG_WARN_ENUM_CONVERSION = YES;
				CLANG_WARN_INFINITE_RECURSION = YES;
				CLANG_WARN_INT_CONVERSION = YES;
				CLANG_WARN_NON_LITERAL_NULL_CONVERSION = YES;
				CLANG_WARN_OBJC_IMPLICIT_RETAIN_SELF = YES;
				CLANG_WARN_OBJC_LITERAL_CONVERSION = YES;
				CLANG_WARN_OBJC_ROOT_CLASS = YES_ERROR;
				CLANG_WARN_RANGE_LOOP_ANALYSIS = YES;
				CLANG_WARN_STRICT_PROTOTYPES = YES;
				CLANG_WARN_SUSPICIOUS_MOVE = YES;
				CLANG_WARN_UNGUARDED_AVAILABILITY = YES_AGGRESSIVE;
				CLANG_WARN_UNREACHABLE_CODE = YES;
				CLANG_WARN__DUPLICATE_METHOD_MATCH = YES;
				CODE_SIGN_IDENTITY = "iPhone Developer";
				COPY_PHASE_STRIP = NO;
				DEBUG_INFORMATION_FORMAT = "dwarf-with-dsym";
				ENABLE_NS_ASSERTIONS = NO;
				ENABLE_STRICT_OBJC_MSGSEND = YES;
				GCC_C_LANGUAGE_STANDARD = gnu11;
				GCC_NO_COMMON_BLOCKS = YES;
				GCC_WARN_64_TO_32_BIT_CONVERSION = YES;
				GCC_WARN_ABOUT_RETURN_TYPE = YES_ERROR;
				GCC_WARN_UNDECLARED_SELECTOR = YES;
				GCC_WARN_UNINITIALIZED_AUTOS = YES_AGGRESSIVE;
				GCC_WARN_UNUSED_FUNCTION = YES;
				GCC_WARN_UNUSED_VARIABLE = YES;
				IPHONEOS_DEPLOYMENT_TARGET = 12.4;
				MTL_ENABLE_DEBUG_INFO = NO;
				MTL_FAST_MATH = YES;
				SDKROOT = iphoneos;
				SWIFT_COMPILATION_MODE = wholemodule;
				SWIFT_OPTIMIZATION_LEVEL = "-O";
				VALIDATE_PRODUCT = YES;
			};
			name = Release;
		};
		364ACD00234FA66B00260E25 /* Debug */ = {
			isa = XCBuildConfiguration;
			baseConfigurationReference = A7F092131B8E83FCD27507BC /* Pods-Clicker.debug.xcconfig */;
			buildSettings = {
				ASSETCATALOG_COMPILER_APPICON_NAME = AppIcon;
				CODE_SIGN_STYLE = Automatic;
				INFOPLIST_FILE = Clicker/Info.plist;
				LD_RUNPATH_SEARCH_PATHS = (
					"$(inherited)",
					"@executable_path/Frameworks",
				);
				PRODUCT_BUNDLE_IDENTIFIER = io.chaf.Clicker;
				PRODUCT_NAME = "$(TARGET_NAME)";
				SWIFT_VERSION = 5.0;
				TARGETED_DEVICE_FAMILY = "1,2";
			};
			name = Debug;
		};
		364ACD01234FA66B00260E25 /* Release */ = {
			isa = XCBuildConfiguration;
			baseConfigurationReference = C9D2242C40F055D2BCDC73CE /* Pods-Clicker.release.xcconfig */;
			buildSettings = {
				ASSETCATALOG_COMPILER_APPICON_NAME = AppIcon;
				CODE_SIGN_STYLE = Automatic;
				INFOPLIST_FILE = Clicker/Info.plist;
				LD_RUNPATH_SEARCH_PATHS = (
					"$(inherited)",
					"@executable_path/Frameworks",
				);
				PRODUCT_BUNDLE_IDENTIFIER = io.chaf.Clicker;
				PRODUCT_NAME = "$(TARGET_NAME)";
				SWIFT_VERSION = 5.0;
				TARGETED_DEVICE_FAMILY = "1,2";
			};
			name = Release;
		};
		364ACD03234FA66B00260E25 /* Debug */ = {
			isa = XCBuildConfiguration;
			baseConfigurationReference = 51DFF8B1610FD03ED5450E59 /* Pods-ClickerTests.debug.xcconfig */;
			buildSettings = {
				ALWAYS_EMBED_SWIFT_STANDARD_LIBRARIES = YES;
				BUNDLE_LOADER = "$(TEST_HOST)";
				CODE_SIGN_STYLE = Automatic;
				INFOPLIST_FILE = ClickerTests/Info.plist;
				IPHONEOS_DEPLOYMENT_TARGET = 13.0;
				LD_RUNPATH_SEARCH_PATHS = (
					"$(inherited)",
					"@executable_path/Frameworks",
					"@loader_path/Frameworks",
				);
				PRODUCT_BUNDLE_IDENTIFIER = io.chaf.ClickerTests;
				PRODUCT_NAME = "$(TARGET_NAME)";
				SWIFT_VERSION = 5.0;
				TARGETED_DEVICE_FAMILY = "1,2";
				TEST_HOST = "$(BUILT_PRODUCTS_DIR)/Clicker.app/Clicker";
			};
			name = Debug;
		};
		364ACD04234FA66B00260E25 /* Release */ = {
			isa = XCBuildConfiguration;
			baseConfigurationReference = E73750329F7F99DF7C9B9065 /* Pods-ClickerTests.release.xcconfig */;
			buildSettings = {
				ALWAYS_EMBED_SWIFT_STANDARD_LIBRARIES = YES;
				BUNDLE_LOADER = "$(TEST_HOST)";
				CODE_SIGN_STYLE = Automatic;
				INFOPLIST_FILE = ClickerTests/Info.plist;
				IPHONEOS_DEPLOYMENT_TARGET = 13.0;
				LD_RUNPATH_SEARCH_PATHS = (
					"$(inherited)",
					"@executable_path/Frameworks",
					"@loader_path/Frameworks",
				);
				PRODUCT_BUNDLE_IDENTIFIER = io.chaf.ClickerTests;
				PRODUCT_NAME = "$(TARGET_NAME)";
				SWIFT_VERSION = 5.0;
				TARGETED_DEVICE_FAMILY = "1,2";
				TEST_HOST = "$(BUILT_PRODUCTS_DIR)/Clicker.app/Clicker";
			};
			name = Release;
		};
		36732EB023592DCE0050A066 /* Debug */ = {
			isa = XCBuildConfiguration;
			baseConfigurationReference = D3F0C8FFD52C7DA90946EE91 /* Pods-HeadlessFunctionalTests.debug.xcconfig */;
			buildSettings = {
				BUNDLE_LOADER = "$(TEST_HOST)";
				CODE_SIGN_STYLE = Automatic;
				INFOPLIST_FILE = HeadlessFunctionalTests/Info.plist;
				IPHONEOS_DEPLOYMENT_TARGET = 13.0;
				LD_RUNPATH_SEARCH_PATHS = (
					"$(inherited)",
					"@executable_path/Frameworks",
					"@loader_path/Frameworks",
				);
				PRODUCT_BUNDLE_IDENTIFIER = io.chaf.ClickerHeadlessFunctionalTests;
				PRODUCT_NAME = "$(TARGET_NAME)";
				SWIFT_VERSION = 5.0;
				TARGETED_DEVICE_FAMILY = "1,2";
				TEST_HOST = "$(BUILT_PRODUCTS_DIR)/Clicker.app/Clicker";
			};
			name = Debug;
		};
		36732EB123592DCE0050A066 /* Release */ = {
			isa = XCBuildConfiguration;
			baseConfigurationReference = A9BE2068CB1F5D449E23B9F1 /* Pods-HeadlessFunctionalTests.release.xcconfig */;
			buildSettings = {
				BUNDLE_LOADER = "$(TEST_HOST)";
				CODE_SIGN_STYLE = Automatic;
				INFOPLIST_FILE = HeadlessFunctionalTests/Info.plist;
				IPHONEOS_DEPLOYMENT_TARGET = 13.0;
				LD_RUNPATH_SEARCH_PATHS = (
					"$(inherited)",
					"@executable_path/Frameworks",
					"@loader_path/Frameworks",
				);
				PRODUCT_BUNDLE_IDENTIFIER = io.chaf.ClickerHeadlessFunctionalTests;
				PRODUCT_NAME = "$(TARGET_NAME)";
				SWIFT_VERSION = 5.0;
				TARGETED_DEVICE_FAMILY = "1,2";
				TEST_HOST = "$(BUILT_PRODUCTS_DIR)/Clicker.app/Clicker";
			};
			name = Release;
		};
		36E3639223CFB001001EFDEA /* Debug */ = {
			isa = XCBuildConfiguration;
			buildSettings = {
				ASSETCATALOG_COMPILER_APPICON_NAME = AppIcon;
				CODE_SIGN_STYLE = Automatic;
				INFOPLIST_FILE = ThinUIHarness/Info.plist;
				IPHONEOS_DEPLOYMENT_TARGET = 13.1;
				LD_RUNPATH_SEARCH_PATHS = (
					"$(inherited)",
					"@executable_path/Frameworks",
				);
				PRODUCT_BUNDLE_IDENTIFIER = io.chaf.ThinUIHarness;
				PRODUCT_NAME = "$(TARGET_NAME)";
				SWIFT_VERSION = 5.0;
				TARGETED_DEVICE_FAMILY = "1,2";
			};
			name = Debug;
		};
		36E3639323CFB001001EFDEA /* Release */ = {
			isa = XCBuildConfiguration;
			buildSettings = {
				ASSETCATALOG_COMPILER_APPICON_NAME = AppIcon;
				CODE_SIGN_STYLE = Automatic;
				INFOPLIST_FILE = ThinUIHarness/Info.plist;
				IPHONEOS_DEPLOYMENT_TARGET = 13.1;
				LD_RUNPATH_SEARCH_PATHS = (
					"$(inherited)",
					"@executable_path/Frameworks",
				);
				PRODUCT_BUNDLE_IDENTIFIER = io.chaf.ThinUIHarness;
				PRODUCT_NAME = "$(TARGET_NAME)";
				SWIFT_VERSION = 5.0;
				TARGETED_DEVICE_FAMILY = "1,2";
			};
			name = Release;
		};
		36E3639423CFB001001EFDEA /* Debug */ = {
			isa = XCBuildConfiguration;
			buildSettings = {
				ALWAYS_EMBED_SWIFT_STANDARD_LIBRARIES = YES;
				CODE_SIGN_STYLE = Automatic;
				INFOPLIST_FILE = ThinUIHarnessUITests/Info.plist;
				IPHONEOS_DEPLOYMENT_TARGET = 13.1;
				LD_RUNPATH_SEARCH_PATHS = (
					"$(inherited)",
					"@executable_path/Frameworks",
					"@loader_path/Frameworks",
				);
				PRODUCT_BUNDLE_IDENTIFIER = io.chaf.ThinUIHarnessUITests;
				PRODUCT_NAME = "$(TARGET_NAME)";
				SWIFT_VERSION = 5.0;
				TARGETED_DEVICE_FAMILY = "1,2";
				TEST_TARGET_NAME = ThinUIHarness;
			};
			name = Debug;
		};
		36E3639523CFB001001EFDEA /* Release */ = {
			isa = XCBuildConfiguration;
			buildSettings = {
				ALWAYS_EMBED_SWIFT_STANDARD_LIBRARIES = YES;
				CODE_SIGN_STYLE = Automatic;
				INFOPLIST_FILE = ThinUIHarnessUITests/Info.plist;
				IPHONEOS_DEPLOYMENT_TARGET = 13.1;
				LD_RUNPATH_SEARCH_PATHS = (
					"$(inherited)",
					"@executable_path/Frameworks",
					"@loader_path/Frameworks",
				);
				PRODUCT_BUNDLE_IDENTIFIER = io.chaf.ThinUIHarnessUITests;
				PRODUCT_NAME = "$(TARGET_NAME)";
				SWIFT_VERSION = 5.0;
				TARGETED_DEVICE_FAMILY = "1,2";
				TEST_TARGET_NAME = ThinUIHarness;
			};
			name = Release;
		};
		36FB853223B5251A009F4A0E /* Debug */ = {
			isa = XCBuildConfiguration;
			baseConfigurationReference = A16732F8C31507CDC2CD3443 /* Pods-ClickerIntegrationTests.debug.xcconfig */;
			buildSettings = {
				BUNDLE_LOADER = "$(TEST_HOST)";
				CODE_SIGN_STYLE = Automatic;
				INFOPLIST_FILE = ClickerIntegrationTests/Info.plist;
				IPHONEOS_DEPLOYMENT_TARGET = 13.1;
				LD_RUNPATH_SEARCH_PATHS = (
					"$(inherited)",
					"@executable_path/Frameworks",
					"@loader_path/Frameworks",
				);
				PRODUCT_BUNDLE_IDENTIFIER = io.chaf.ClickerIntegrationTests;
				PRODUCT_NAME = "$(TARGET_NAME)";
				SWIFT_VERSION = 5.0;
				TARGETED_DEVICE_FAMILY = "1,2";
				TEST_HOST = "$(BUILT_PRODUCTS_DIR)/Clicker.app/Clicker";
			};
			name = Debug;
		};
		36FB853323B5251A009F4A0E /* Release */ = {
			isa = XCBuildConfiguration;
			baseConfigurationReference = 98D2A222793B29D54F841EBF /* Pods-ClickerIntegrationTests.release.xcconfig */;
			buildSettings = {
				BUNDLE_LOADER = "$(TEST_HOST)";
				CODE_SIGN_STYLE = Automatic;
				INFOPLIST_FILE = ClickerIntegrationTests/Info.plist;
				IPHONEOS_DEPLOYMENT_TARGET = 13.1;
				LD_RUNPATH_SEARCH_PATHS = (
					"$(inherited)",
					"@executable_path/Frameworks",
					"@loader_path/Frameworks",
				);
				PRODUCT_BUNDLE_IDENTIFIER = io.chaf.ClickerIntegrationTests;
				PRODUCT_NAME = "$(TARGET_NAME)";
				SWIFT_VERSION = 5.0;
				TARGETED_DEVICE_FAMILY = "1,2";
				TEST_HOST = "$(BUILT_PRODUCTS_DIR)/Clicker.app/Clicker";
			};
			name = Release;
		};
/* End XCBuildConfiguration section */

/* Begin XCConfigurationList section */
		364ACCDD234FA66900260E25 /* Build configuration list for PBXProject "Clicker" */ = {
			isa = XCConfigurationList;
			buildConfigurations = (
				364ACCFD234FA66B00260E25 /* Debug */,
				364ACCFE234FA66B00260E25 /* Release */,
			);
			defaultConfigurationIsVisible = 0;
			defaultConfigurationName = Release;
		};
		364ACCFF234FA66B00260E25 /* Build configuration list for PBXNativeTarget "Clicker" */ = {
			isa = XCConfigurationList;
			buildConfigurations = (
				364ACD00234FA66B00260E25 /* Debug */,
				364ACD01234FA66B00260E25 /* Release */,
			);
			defaultConfigurationIsVisible = 0;
			defaultConfigurationName = Release;
		};
		364ACD02234FA66B00260E25 /* Build configuration list for PBXNativeTarget "ClickerTests" */ = {
			isa = XCConfigurationList;
			buildConfigurations = (
				364ACD03234FA66B00260E25 /* Debug */,
				364ACD04234FA66B00260E25 /* Release */,
			);
			defaultConfigurationIsVisible = 0;
			defaultConfigurationName = Release;
		};
		36732EB223592DCE0050A066 /* Build configuration list for PBXNativeTarget "HeadlessFunctionalTests" */ = {
			isa = XCConfigurationList;
			buildConfigurations = (
				36732EB023592DCE0050A066 /* Debug */,
				36732EB123592DCE0050A066 /* Release */,
			);
			defaultConfigurationIsVisible = 0;
			defaultConfigurationName = Release;
		};
		36E3639623CFB001001EFDEA /* Build configuration list for PBXNativeTarget "ThinUIHarness" */ = {
			isa = XCConfigurationList;
			buildConfigurations = (
				36E3639223CFB001001EFDEA /* Debug */,
				36E3639323CFB001001EFDEA /* Release */,
			);
			defaultConfigurationIsVisible = 0;
			defaultConfigurationName = Release;
		};
		36E3639723CFB001001EFDEA /* Build configuration list for PBXNativeTarget "ThinUIHarnessUITests" */ = {
			isa = XCConfigurationList;
			buildConfigurations = (
				36E3639423CFB001001EFDEA /* Debug */,
				36E3639523CFB001001EFDEA /* Release */,
			);
			defaultConfigurationIsVisible = 0;
			defaultConfigurationName = Release;
		};
		36FB853423B5251A009F4A0E /* Build configuration list for PBXNativeTarget "ClickerIntegrationTests" */ = {
			isa = XCConfigurationList;
			buildConfigurations = (
				36FB853223B5251A009F4A0E /* Debug */,
				36FB853323B5251A009F4A0E /* Release */,
			);
			defaultConfigurationIsVisible = 0;
			defaultConfigurationName = Release;
		};
/* End XCConfigurationList section */
	};
	rootObject = 364ACCDA234FA66900260E25 /* Project object */;
}
