// !$*UTF8*$!
{
	archiveVersion = 1;
	classes = {
	};
	objectVersion = 50;
	objects = {

/* Begin PBXBuildFile section */
		364ACCE6234FA66900260E25 /* AppDelegate.swift in Sources */ = {isa = PBXBuildFile; fileRef = 364ACCE5234FA66900260E25 /* AppDelegate.swift */; };
		364ACCEB234FA66900260E25 /* Main.storyboard in Resources */ = {isa = PBXBuildFile; fileRef = 364ACCE9234FA66900260E25 /* Main.storyboard */; };
		364ACCED234FA66A00260E25 /* Assets.xcassets in Resources */ = {isa = PBXBuildFile; fileRef = 364ACCEC234FA66A00260E25 /* Assets.xcassets */; };
		36732EB323592DDA0050A066 /* CounterTests.swift in Sources */ = {isa = PBXBuildFile; fileRef = 36D4A7FE2358FF9B00E0BC48 /* CounterTests.swift */; };
		36732EB423592EC20050A066 /* MockCounterLogicController.swift in Sources */ = {isa = PBXBuildFile; fileRef = 36FD065F234FAD3F00CF676C /* MockCounterLogicController.swift */; };
		36732EB523592EC20050A066 /* MockCounterView.swift in Sources */ = {isa = PBXBuildFile; fileRef = 36C4B80C234FD07B003BC64C /* MockCounterView.swift */; };
		36732EB623592EC20050A066 /* MockCounterViewModel.swift in Sources */ = {isa = PBXBuildFile; fileRef = 36C4B814234FEADB003BC64C /* MockCounterViewModel.swift */; };
		36732EB8235930290050A066 /* InMemoryCounterRepository.swift in Sources */ = {isa = PBXBuildFile; fileRef = 36732EB7235930290050A066 /* InMemoryCounterRepository.swift */; };
		36732EBA235930D50050A066 /* CounterRepositoryTests.swift in Sources */ = {isa = PBXBuildFile; fileRef = 36732EB9235930D50050A066 /* CounterRepositoryTests.swift */; };
		36732EBC235931F20050A066 /* MockCounterRepository.swift in Sources */ = {isa = PBXBuildFile; fileRef = 36732EBB235931F20050A066 /* MockCounterRepository.swift */; };
		36C4B80D234FD07B003BC64C /* MockCounterView.swift in Sources */ = {isa = PBXBuildFile; fileRef = 36C4B80C234FD07B003BC64C /* MockCounterView.swift */; };
		36C4B80F234FD31A003BC64C /* CounterPageViewController.swift in Sources */ = {isa = PBXBuildFile; fileRef = 36C4B80E234FD31A003BC64C /* CounterPageViewController.swift */; };
		36C4B811234FE758003BC64C /* Dependencies.swift in Sources */ = {isa = PBXBuildFile; fileRef = 36C4B810234FE758003BC64C /* Dependencies.swift */; };
		36C4B813234FEAA4003BC64C /* CounterPageViewControllerTests.swift in Sources */ = {isa = PBXBuildFile; fileRef = 36C4B812234FEAA4003BC64C /* CounterPageViewControllerTests.swift */; };
		36C4B815234FEADB003BC64C /* MockCounterViewModel.swift in Sources */ = {isa = PBXBuildFile; fileRef = 36C4B814234FEADB003BC64C /* MockCounterViewModel.swift */; };
		36C4B81C2350A885003BC64C /* main.swift in Sources */ = {isa = PBXBuildFile; fileRef = 36C4B81B2350A885003BC64C /* main.swift */; };
		36FD0655234FA95700CF676C /* CounterViewModel.swift in Sources */ = {isa = PBXBuildFile; fileRef = 36FD0654234FA95700CF676C /* CounterViewModel.swift */; };
		36FD0657234FA96700CF676C /* CounterViewModelTests.swift in Sources */ = {isa = PBXBuildFile; fileRef = 36FD0656234FA96700CF676C /* CounterViewModelTests.swift */; };
		36FD065A234FAA2100CF676C /* CounterLogicController.swift in Sources */ = {isa = PBXBuildFile; fileRef = 36FD0659234FAA2100CF676C /* CounterLogicController.swift */; };
		36FD065D234FAA7400CF676C /* CounterLogicControllerTests.swift in Sources */ = {isa = PBXBuildFile; fileRef = 36FD065C234FAA7400CF676C /* CounterLogicControllerTests.swift */; };
		36FD0660234FAD3F00CF676C /* MockCounterLogicController.swift in Sources */ = {isa = PBXBuildFile; fileRef = 36FD065F234FAD3F00CF676C /* MockCounterLogicController.swift */; };
/* End PBXBuildFile section */

/* Begin PBXContainerItemProxy section */
		364ACCF7234FA66B00260E25 /* PBXContainerItemProxy */ = {
			isa = PBXContainerItemProxy;
			containerPortal = 364ACCDA234FA66900260E25 /* Project object */;
			proxyType = 1;
			remoteGlobalIDString = 364ACCE1234FA66900260E25;
			remoteInfo = Clicker;
		};
		36732EAE23592DCE0050A066 /* PBXContainerItemProxy */ = {
			isa = PBXContainerItemProxy;
			containerPortal = 364ACCDA234FA66900260E25 /* Project object */;
			proxyType = 1;
			remoteGlobalIDString = 364ACCE1234FA66900260E25;
			remoteInfo = Clicker;
		};
/* End PBXContainerItemProxy section */

/* Begin PBXFileReference section */
		364ACCE2234FA66900260E25 /* Clicker.app */ = {isa = PBXFileReference; explicitFileType = wrapper.application; includeInIndex = 0; path = Clicker.app; sourceTree = BUILT_PRODUCTS_DIR; };
		364ACCE5234FA66900260E25 /* AppDelegate.swift */ = {isa = PBXFileReference; lastKnownFileType = sourcecode.swift; path = AppDelegate.swift; sourceTree = "<group>"; };
		364ACCEA234FA66900260E25 /* Base */ = {isa = PBXFileReference; lastKnownFileType = file.storyboard; name = Base; path = Base.lproj/Main.storyboard; sourceTree = "<group>"; };
		364ACCEC234FA66A00260E25 /* Assets.xcassets */ = {isa = PBXFileReference; lastKnownFileType = folder.assetcatalog; path = Assets.xcassets; sourceTree = "<group>"; };
		364ACCF1234FA66A00260E25 /* Info.plist */ = {isa = PBXFileReference; lastKnownFileType = text.plist.xml; path = Info.plist; sourceTree = "<group>"; };
		364ACCF6234FA66B00260E25 /* ClickerTests.xctest */ = {isa = PBXFileReference; explicitFileType = wrapper.cfbundle; includeInIndex = 0; path = ClickerTests.xctest; sourceTree = BUILT_PRODUCTS_DIR; };
		364ACCFC234FA66B00260E25 /* Info.plist */ = {isa = PBXFileReference; lastKnownFileType = text.plist.xml; path = Info.plist; sourceTree = "<group>"; };
		36732EA923592DCE0050A066 /* ClickerFunctionalTests.xctest */ = {isa = PBXFileReference; explicitFileType = wrapper.cfbundle; includeInIndex = 0; path = ClickerFunctionalTests.xctest; sourceTree = BUILT_PRODUCTS_DIR; };
		36732EAD23592DCE0050A066 /* Info.plist */ = {isa = PBXFileReference; lastKnownFileType = text.plist.xml; path = Info.plist; sourceTree = "<group>"; };
		36732EB7235930290050A066 /* InMemoryCounterRepository.swift */ = {isa = PBXFileReference; lastKnownFileType = sourcecode.swift; path = InMemoryCounterRepository.swift; sourceTree = "<group>"; };
		36732EB9235930D50050A066 /* CounterRepositoryTests.swift */ = {isa = PBXFileReference; lastKnownFileType = sourcecode.swift; path = CounterRepositoryTests.swift; sourceTree = "<group>"; };
		36732EBB235931F20050A066 /* MockCounterRepository.swift */ = {isa = PBXFileReference; lastKnownFileType = sourcecode.swift; path = MockCounterRepository.swift; sourceTree = "<group>"; };
		36C4B80C234FD07B003BC64C /* MockCounterView.swift */ = {isa = PBXFileReference; lastKnownFileType = sourcecode.swift; path = MockCounterView.swift; sourceTree = "<group>"; };
		36C4B80E234FD31A003BC64C /* CounterPageViewController.swift */ = {isa = PBXFileReference; lastKnownFileType = sourcecode.swift; path = CounterPageViewController.swift; sourceTree = "<group>"; };
		36C4B810234FE758003BC64C /* Dependencies.swift */ = {isa = PBXFileReference; lastKnownFileType = sourcecode.swift; path = Dependencies.swift; sourceTree = "<group>"; };
		36C4B812234FEAA4003BC64C /* CounterPageViewControllerTests.swift */ = {isa = PBXFileReference; lastKnownFileType = sourcecode.swift; path = CounterPageViewControllerTests.swift; sourceTree = "<group>"; };
		36C4B814234FEADB003BC64C /* MockCounterViewModel.swift */ = {isa = PBXFileReference; lastKnownFileType = sourcecode.swift; path = MockCounterViewModel.swift; sourceTree = "<group>"; };
		36C4B81B2350A885003BC64C /* main.swift */ = {isa = PBXFileReference; lastKnownFileType = sourcecode.swift; path = main.swift; sourceTree = "<group>"; };
		36D4A7FE2358FF9B00E0BC48 /* CounterTests.swift */ = {isa = PBXFileReference; lastKnownFileType = sourcecode.swift; path = CounterTests.swift; sourceTree = "<group>"; };
		36FD0654234FA95700CF676C /* CounterViewModel.swift */ = {isa = PBXFileReference; lastKnownFileType = sourcecode.swift; path = CounterViewModel.swift; sourceTree = "<group>"; };
		36FD0656234FA96700CF676C /* CounterViewModelTests.swift */ = {isa = PBXFileReference; lastKnownFileType = sourcecode.swift; path = CounterViewModelTests.swift; sourceTree = "<group>"; };
		36FD0659234FAA2100CF676C /* CounterLogicController.swift */ = {isa = PBXFileReference; lastKnownFileType = sourcecode.swift; path = CounterLogicController.swift; sourceTree = "<group>"; };
		36FD065C234FAA7400CF676C /* CounterLogicControllerTests.swift */ = {isa = PBXFileReference; lastKnownFileType = sourcecode.swift; path = CounterLogicControllerTests.swift; sourceTree = "<group>"; };
		36FD065F234FAD3F00CF676C /* MockCounterLogicController.swift */ = {isa = PBXFileReference; lastKnownFileType = sourcecode.swift; path = MockCounterLogicController.swift; sourceTree = "<group>"; };
/* End PBXFileReference section */

/* Begin PBXFrameworksBuildPhase section */
		364ACCDF234FA66900260E25 /* Frameworks */ = {
			isa = PBXFrameworksBuildPhase;
			buildActionMask = 2147483647;
			files = (
			);
			runOnlyForDeploymentPostprocessing = 0;
		};
		364ACCF3234FA66B00260E25 /* Frameworks */ = {
			isa = PBXFrameworksBuildPhase;
			buildActionMask = 2147483647;
			files = (
			);
			runOnlyForDeploymentPostprocessing = 0;
		};
		36732EA623592DCE0050A066 /* Frameworks */ = {
			isa = PBXFrameworksBuildPhase;
			buildActionMask = 2147483647;
			files = (
			);
			runOnlyForDeploymentPostprocessing = 0;
		};
/* End PBXFrameworksBuildPhase section */

/* Begin PBXGroup section */
		364ACCD9234FA66900260E25 = {
			isa = PBXGroup;
			children = (
				364ACCE4234FA66900260E25 /* Clicker */,
				364ACCF9234FA66B00260E25 /* ClickerTests */,
				36C4B816234FEB56003BC64C /* HeadlessFunctionalTests */,
				36732EAA23592DCE0050A066 /* ClickerFunctionalTests */,
				364ACCE3234FA66900260E25 /* Products */,
			);
			sourceTree = "<group>";
		};
		364ACCE3234FA66900260E25 /* Products */ = {
			isa = PBXGroup;
			children = (
				364ACCE2234FA66900260E25 /* Clicker.app */,
				364ACCF6234FA66B00260E25 /* ClickerTests.xctest */,
				36732EA923592DCE0050A066 /* ClickerFunctionalTests.xctest */,
			);
			name = Products;
			sourceTree = "<group>";
		};
		364ACCE4234FA66900260E25 /* Clicker */ = {
			isa = PBXGroup;
			children = (
				36FD0661234FB0FA00CF676C /* Extensions */,
				36FD0658234FAA1500CF676C /* Model */,
				36FD0652234FA93900CF676C /* View */,
				364ACCE5234FA66900260E25 /* AppDelegate.swift */,
				364ACCE9234FA66900260E25 /* Main.storyboard */,
				364ACCEC234FA66A00260E25 /* Assets.xcassets */,
				364ACCF1234FA66A00260E25 /* Info.plist */,
				36C4B810234FE758003BC64C /* Dependencies.swift */,
				36C4B81B2350A885003BC64C /* main.swift */,
			);
			path = Clicker;
			sourceTree = "<group>";
		};
		364ACCF9234FA66B00260E25 /* ClickerTests */ = {
			isa = PBXGroup;
			children = (
				36FD065E234FAD2C00CF676C /* Mocks */,
				36FD065B234FAA6100CF676C /* Model */,
				36FD0653234FA94200CF676C /* View */,
				364ACCFC234FA66B00260E25 /* Info.plist */,
			);
			path = ClickerTests;
			sourceTree = "<group>";
		};
		36732EAA23592DCE0050A066 /* ClickerFunctionalTests */ = {
			isa = PBXGroup;
			children = (
				36732EAD23592DCE0050A066 /* Info.plist */,
			);
			path = ClickerFunctionalTests;
			sourceTree = "<group>";
		};
		36C4B816234FEB56003BC64C /* HeadlessFunctionalTests */ = {
			isa = PBXGroup;
			children = (
				36D4A7FE2358FF9B00E0BC48 /* CounterTests.swift */,
			);
			path = HeadlessFunctionalTests;
			sourceTree = "<group>";
		};
		36FD0652234FA93900CF676C /* View */ = {
			isa = PBXGroup;
			children = (
				36FD0654234FA95700CF676C /* CounterViewModel.swift */,
				36C4B80E234FD31A003BC64C /* CounterPageViewController.swift */,
			);
			path = View;
			sourceTree = "<group>";
		};
		36FD0653234FA94200CF676C /* View */ = {
			isa = PBXGroup;
			children = (
				36FD0656234FA96700CF676C /* CounterViewModelTests.swift */,
				36C4B812234FEAA4003BC64C /* CounterPageViewControllerTests.swift */,
			);
			path = View;
			sourceTree = "<group>";
		};
		36FD0658234FAA1500CF676C /* Model */ = {
			isa = PBXGroup;
			children = (
				36FD0659234FAA2100CF676C /* CounterLogicController.swift */,
				36732EB7235930290050A066 /* InMemoryCounterRepository.swift */,
			);
			path = Model;
			sourceTree = "<group>";
		};
		36FD065B234FAA6100CF676C /* Model */ = {
			isa = PBXGroup;
			children = (
				36FD065C234FAA7400CF676C /* CounterLogicControllerTests.swift */,
				36732EB9235930D50050A066 /* CounterRepositoryTests.swift */,
			);
			path = Model;
			sourceTree = "<group>";
		};
		36FD065E234FAD2C00CF676C /* Mocks */ = {
			isa = PBXGroup;
			children = (
				36FD065F234FAD3F00CF676C /* MockCounterLogicController.swift */,
				36C4B80C234FD07B003BC64C /* MockCounterView.swift */,
				36C4B814234FEADB003BC64C /* MockCounterViewModel.swift */,
				36732EBB235931F20050A066 /* MockCounterRepository.swift */,
			);
			path = Mocks;
			sourceTree = "<group>";
		};
		36FD0661234FB0FA00CF676C /* Extensions */ = {
			isa = PBXGroup;
			children = (
			);
			path = Extensions;
			sourceTree = "<group>";
		};
/* End PBXGroup section */

/* Begin PBXNativeTarget section */
		364ACCE1234FA66900260E25 /* Clicker */ = {
			isa = PBXNativeTarget;
			buildConfigurationList = 364ACCFF234FA66B00260E25 /* Build configuration list for PBXNativeTarget "Clicker" */;
			buildPhases = (
				364ACCDE234FA66900260E25 /* Sources */,
				364ACCDF234FA66900260E25 /* Frameworks */,
				364ACCE0234FA66900260E25 /* Resources */,
			);
			buildRules = (
			);
			dependencies = (
			);
			name = Clicker;
			productName = Clicker;
			productReference = 364ACCE2234FA66900260E25 /* Clicker.app */;
			productType = "com.apple.product-type.application";
		};
		364ACCF5234FA66B00260E25 /* ClickerTests */ = {
			isa = PBXNativeTarget;
			buildConfigurationList = 364ACD02234FA66B00260E25 /* Build configuration list for PBXNativeTarget "ClickerTests" */;
			buildPhases = (
				364ACCF2234FA66B00260E25 /* Sources */,
				364ACCF3234FA66B00260E25 /* Frameworks */,
				364ACCF4234FA66B00260E25 /* Resources */,
			);
			buildRules = (
			);
			dependencies = (
				364ACCF8234FA66B00260E25 /* PBXTargetDependency */,
			);
			name = ClickerTests;
			productName = ClickerTests;
			productReference = 364ACCF6234FA66B00260E25 /* ClickerTests.xctest */;
			productType = "com.apple.product-type.bundle.unit-test";
		};
		36732EA823592DCE0050A066 /* ClickerFunctionalTests */ = {
			isa = PBXNativeTarget;
			buildConfigurationList = 36732EB223592DCE0050A066 /* Build configuration list for PBXNativeTarget "ClickerFunctionalTests" */;
			buildPhases = (
				36732EA523592DCE0050A066 /* Sources */,
				36732EA623592DCE0050A066 /* Frameworks */,
				36732EA723592DCE0050A066 /* Resources */,
			);
			buildRules = (
			);
			dependencies = (
				36732EAF23592DCE0050A066 /* PBXTargetDependency */,
			);
			name = ClickerFunctionalTests;
			productName = ClickerFunctionalTests;
			productReference = 36732EA923592DCE0050A066 /* ClickerFunctionalTests.xctest */;
			productType = "com.apple.product-type.bundle.unit-test";
		};
/* End PBXNativeTarget section */

/* Begin PBXProject section */
		364ACCDA234FA66900260E25 /* Project object */ = {
			isa = PBXProject;
			attributes = {
				LastSwiftUpdateCheck = 1030;
				LastUpgradeCheck = 1030;
				ORGANIZATIONNAME = "Michael Chaffee";
				TargetAttributes = {
					364ACCE1234FA66900260E25 = {
						CreatedOnToolsVersion = 10.3;
					};
					364ACCF5234FA66B00260E25 = {
						CreatedOnToolsVersion = 10.3;
						TestTargetID = 364ACCE1234FA66900260E25;
					};
					36732EA823592DCE0050A066 = {
						CreatedOnToolsVersion = 10.3;
						TestTargetID = 364ACCE1234FA66900260E25;
					};
				};
			};
			buildConfigurationList = 364ACCDD234FA66900260E25 /* Build configuration list for PBXProject "Clicker" */;
			compatibilityVersion = "Xcode 9.3";
			developmentRegion = en;
			hasScannedForEncodings = 0;
			knownRegions = (
				en,
				Base,
			);
			mainGroup = 364ACCD9234FA66900260E25;
			productRefGroup = 364ACCE3234FA66900260E25 /* Products */;
			projectDirPath = "";
			projectRoot = "";
			targets = (
				364ACCE1234FA66900260E25 /* Clicker */,
				364ACCF5234FA66B00260E25 /* ClickerTests */,
				36732EA823592DCE0050A066 /* ClickerFunctionalTests */,
			);
		};
/* End PBXProject section */

/* Begin PBXResourcesBuildPhase section */
		364ACCE0234FA66900260E25 /* Resources */ = {
			isa = PBXResourcesBuildPhase;
			buildActionMask = 2147483647;
			files = (
				364ACCED234FA66A00260E25 /* Assets.xcassets in Resources */,
				364ACCEB234FA66900260E25 /* Main.storyboard in Resources */,
			);
			runOnlyForDeploymentPostprocessing = 0;
		};
		364ACCF4234FA66B00260E25 /* Resources */ = {
			isa = PBXResourcesBuildPhase;
			buildActionMask = 2147483647;
			files = (
			);
			runOnlyForDeploymentPostprocessing = 0;
		};
		36732EA723592DCE0050A066 /* Resources */ = {
			isa = PBXResourcesBuildPhase;
			buildActionMask = 2147483647;
			files = (
			);
			runOnlyForDeploymentPostprocessing = 0;
		};
/* End PBXResourcesBuildPhase section */

/* Begin PBXSourcesBuildPhase section */
		364ACCDE234FA66900260E25 /* Sources */ = {
			isa = PBXSourcesBuildPhase;
			buildActionMask = 2147483647;
			files = (
				36FD065A234FAA2100CF676C /* CounterLogicController.swift in Sources */,
				364ACCE6234FA66900260E25 /* AppDelegate.swift in Sources */,
				36732EB8235930290050A066 /* InMemoryCounterRepository.swift in Sources */,
				36C4B81C2350A885003BC64C /* main.swift in Sources */,
				36C4B80F234FD31A003BC64C /* CounterPageViewController.swift in Sources */,
				36C4B811234FE758003BC64C /* Dependencies.swift in Sources */,
				36FD0655234FA95700CF676C /* CounterViewModel.swift in Sources */,
			);
			runOnlyForDeploymentPostprocessing = 0;
		};
		364ACCF2234FA66B00260E25 /* Sources */ = {
			isa = PBXSourcesBuildPhase;
			buildActionMask = 2147483647;
			files = (
				36732EBC235931F20050A066 /* MockCounterRepository.swift in Sources */,
				36FD065D234FAA7400CF676C /* CounterLogicControllerTests.swift in Sources */,
				36C4B815234FEADB003BC64C /* MockCounterViewModel.swift in Sources */,
				36732EBA235930D50050A066 /* CounterRepositoryTests.swift in Sources */,
				36C4B813234FEAA4003BC64C /* CounterPageViewControllerTests.swift in Sources */,
				36C4B80D234FD07B003BC64C /* MockCounterView.swift in Sources */,
				36FD0660234FAD3F00CF676C /* MockCounterLogicController.swift in Sources */,
				36FD0657234FA96700CF676C /* CounterViewModelTests.swift in Sources */,
			);
			runOnlyForDeploymentPostprocessing = 0;
		};
		36732EA523592DCE0050A066 /* Sources */ = {
			isa = PBXSourcesBuildPhase;
			buildActionMask = 2147483647;
			files = (
				36732EB423592EC20050A066 /* MockCounterLogicController.swift in Sources */,
				36732EB323592DDA0050A066 /* CounterTests.swift in Sources */,
				36732EB523592EC20050A066 /* MockCounterView.swift in Sources */,
				36732EB623592EC20050A066 /* MockCounterViewModel.swift in Sources */,
			);
			runOnlyForDeploymentPostprocessing = 0;
		};
/* End PBXSourcesBuildPhase section */

/* Begin PBXTargetDependency section */
		364ACCF8234FA66B00260E25 /* PBXTargetDependency */ = {
			isa = PBXTargetDependency;
			target = 364ACCE1234FA66900260E25 /* Clicker */;
			targetProxy = 364ACCF7234FA66B00260E25 /* PBXContainerItemProxy */;
		};
		36732EAF23592DCE0050A066 /* PBXTargetDependency */ = {
			isa = PBXTargetDependency;
			target = 364ACCE1234FA66900260E25 /* Clicker */;
			targetProxy = 36732EAE23592DCE0050A066 /* PBXContainerItemProxy */;
		};
/* End PBXTargetDependency section */

/* Begin PBXVariantGroup section */
		364ACCE9234FA66900260E25 /* Main.storyboard */ = {
			isa = PBXVariantGroup;
			children = (
				364ACCEA234FA66900260E25 /* Base */,
			);
			name = Main.storyboard;
			sourceTree = "<group>";
		};
/* End PBXVariantGroup section */

/* Begin XCBuildConfiguration section */
		364ACCFD234FA66B00260E25 /* Debug */ = {
			isa = XCBuildConfiguration;
			buildSettings = {
				ALWAYS_SEARCH_USER_PATHS = NO;
				CLANG_ANALYZER_NONNULL = YES;
				CLANG_ANALYZER_NUMBER_OBJECT_CONVERSION = YES_AGGRESSIVE;
				CLANG_CXX_LANGUAGE_STANDARD = "gnu++14";
				CLANG_CXX_LIBRARY = "libc++";
				CLANG_ENABLE_MODULES = YES;
				CLANG_ENABLE_OBJC_ARC = YES;
				CLANG_ENABLE_OBJC_WEAK = YES;
				CLANG_WARN_BLOCK_CAPTURE_AUTORELEASING = YES;
				CLANG_WARN_BOOL_CONVERSION = YES;
				CLANG_WARN_COMMA = YES;
				CLANG_WARN_CONSTANT_CONVERSION = YES;
				CLANG_WARN_DEPRECATED_OBJC_IMPLEMENTATIONS = YES;
				CLANG_WARN_DIRECT_OBJC_ISA_USAGE = YES_ERROR;
				CLANG_WARN_DOCUMENTATION_COMMENTS = YES;
				CLANG_WARN_EMPTY_BODY = YES;
				CLANG_WARN_ENUM_CONVERSION = YES;
				CLANG_WARN_INFINITE_RECURSION = YES;
				CLANG_WARN_INT_CONVERSION = YES;
				CLANG_WARN_NON_LITERAL_NULL_CONVERSION = YES;
				CLANG_WARN_OBJC_IMPLICIT_RETAIN_SELF = YES;
				CLANG_WARN_OBJC_LITERAL_CONVERSION = YES;
				CLANG_WARN_OBJC_ROOT_CLASS = YES_ERROR;
				CLANG_WARN_RANGE_LOOP_ANALYSIS = YES;
				CLANG_WARN_STRICT_PROTOTYPES = YES;
				CLANG_WARN_SUSPICIOUS_MOVE = YES;
				CLANG_WARN_UNGUARDED_AVAILABILITY = YES_AGGRESSIVE;
				CLANG_WARN_UNREACHABLE_CODE = YES;
				CLANG_WARN__DUPLICATE_METHOD_MATCH = YES;
				CODE_SIGN_IDENTITY = "iPhone Developer";
				COPY_PHASE_STRIP = NO;
				DEBUG_INFORMATION_FORMAT = dwarf;
				ENABLE_STRICT_OBJC_MSGSEND = YES;
				ENABLE_TESTABILITY = YES;
				GCC_C_LANGUAGE_STANDARD = gnu11;
				GCC_DYNAMIC_NO_PIC = NO;
				GCC_NO_COMMON_BLOCKS = YES;
				GCC_OPTIMIZATION_LEVEL = 0;
				GCC_PREPROCESSOR_DEFINITIONS = (
					"DEBUG=1",
					"$(inherited)",
				);
				GCC_WARN_64_TO_32_BIT_CONVERSION = YES;
				GCC_WARN_ABOUT_RETURN_TYPE = YES_ERROR;
				GCC_WARN_UNDECLARED_SELECTOR = YES;
				GCC_WARN_UNINITIALIZED_AUTOS = YES_AGGRESSIVE;
				GCC_WARN_UNUSED_FUNCTION = YES;
				GCC_WARN_UNUSED_VARIABLE = YES;
				IPHONEOS_DEPLOYMENT_TARGET = 12.4;
				MTL_ENABLE_DEBUG_INFO = INCLUDE_SOURCE;
				MTL_FAST_MATH = YES;
				ONLY_ACTIVE_ARCH = YES;
				SDKROOT = iphoneos;
				SWIFT_ACTIVE_COMPILATION_CONDITIONS = DEBUG;
				SWIFT_OPTIMIZATION_LEVEL = "-Onone";
			};
			name = Debug;
		};
		364ACCFE234FA66B00260E25 /* Release */ = {
			isa = XCBuildConfiguration;
			buildSettings = {
				ALWAYS_SEARCH_USER_PATHS = NO;
				CLANG_ANALYZER_NONNULL = YES;
				CLANG_ANALYZER_NUMBER_OBJECT_CONVERSION = YES_AGGRESSIVE;
				CLANG_CXX_LANGUAGE_STANDARD = "gnu++14";
				CLANG_CXX_LIBRARY = "libc++";
				CLANG_ENABLE_MODULES = YES;
				CLANG_ENABLE_OBJC_ARC = YES;
				CLANG_ENABLE_OBJC_WEAK = YES;
				CLANG_WARN_BLOCK_CAPTURE_AUTORELEASING = YES;
				CLANG_WARN_BOOL_CONVERSION = YES;
				CLANG_WARN_COMMA = YES;
				CLANG_WARN_CONSTANT_CONVERSION = YES;
				CLANG_WARN_DEPRECATED_OBJC_IMPLEMENTATIONS = YES;
				CLANG_WARN_DIRECT_OBJC_ISA_USAGE = YES_ERROR;
				CLANG_WARN_DOCUMENTATION_COMMENTS = YES;
				CLANG_WARN_EMPTY_BODY = YES;
				CLANG_WARN_ENUM_CONVERSION = YES;
				CLANG_WARN_INFINITE_RECURSION = YES;
				CLANG_WARN_INT_CONVERSION = YES;
				CLANG_WARN_NON_LITERAL_NULL_CONVERSION = YES;
				CLANG_WARN_OBJC_IMPLICIT_RETAIN_SELF = YES;
				CLANG_WARN_OBJC_LITERAL_CONVERSION = YES;
				CLANG_WARN_OBJC_ROOT_CLASS = YES_ERROR;
				CLANG_WARN_RANGE_LOOP_ANALYSIS = YES;
				CLANG_WARN_STRICT_PROTOTYPES = YES;
				CLANG_WARN_SUSPICIOUS_MOVE = YES;
				CLANG_WARN_UNGUARDED_AVAILABILITY = YES_AGGRESSIVE;
				CLANG_WARN_UNREACHABLE_CODE = YES;
				CLANG_WARN__DUPLICATE_METHOD_MATCH = YES;
				CODE_SIGN_IDENTITY = "iPhone Developer";
				COPY_PHASE_STRIP = NO;
				DEBUG_INFORMATION_FORMAT = "dwarf-with-dsym";
				ENABLE_NS_ASSERTIONS = NO;
				ENABLE_STRICT_OBJC_MSGSEND = YES;
				GCC_C_LANGUAGE_STANDARD = gnu11;
				GCC_NO_COMMON_BLOCKS = YES;
				GCC_WARN_64_TO_32_BIT_CONVERSION = YES;
				GCC_WARN_ABOUT_RETURN_TYPE = YES_ERROR;
				GCC_WARN_UNDECLARED_SELECTOR = YES;
				GCC_WARN_UNINITIALIZED_AUTOS = YES_AGGRESSIVE;
				GCC_WARN_UNUSED_FUNCTION = YES;
				GCC_WARN_UNUSED_VARIABLE = YES;
				IPHONEOS_DEPLOYMENT_TARGET = 12.4;
				MTL_ENABLE_DEBUG_INFO = NO;
				MTL_FAST_MATH = YES;
				SDKROOT = iphoneos;
				SWIFT_COMPILATION_MODE = wholemodule;
				SWIFT_OPTIMIZATION_LEVEL = "-O";
				VALIDATE_PRODUCT = YES;
			};
			name = Release;
		};
		364ACD00234FA66B00260E25 /* Debug */ = {
			isa = XCBuildConfiguration;
			buildSettings = {
				ASSETCATALOG_COMPILER_APPICON_NAME = AppIcon;
				CODE_SIGN_STYLE = Automatic;
				INFOPLIST_FILE = Clicker/Info.plist;
				LD_RUNPATH_SEARCH_PATHS = (
					"$(inherited)",
					"@executable_path/Frameworks",
				);
				PRODUCT_BUNDLE_IDENTIFIER = io.chaf.Clicker;
				PRODUCT_NAME = "$(TARGET_NAME)";
				SWIFT_VERSION = 5.0;
				TARGETED_DEVICE_FAMILY = "1,2";
			};
			name = Debug;
		};
		364ACD01234FA66B00260E25 /* Release */ = {
			isa = XCBuildConfiguration;
			buildSettings = {
				ASSETCATALOG_COMPILER_APPICON_NAME = AppIcon;
				CODE_SIGN_STYLE = Automatic;
				INFOPLIST_FILE = Clicker/Info.plist;
				LD_RUNPATH_SEARCH_PATHS = (
					"$(inherited)",
					"@executable_path/Frameworks",
				);
				PRODUCT_BUNDLE_IDENTIFIER = io.chaf.Clicker;
				PRODUCT_NAME = "$(TARGET_NAME)";
				SWIFT_VERSION = 5.0;
				TARGETED_DEVICE_FAMILY = "1,2";
			};
			name = Release;
		};
		364ACD03234FA66B00260E25 /* Debug */ = {
			isa = XCBuildConfiguration;
			buildSettings = {
				ALWAYS_EMBED_SWIFT_STANDARD_LIBRARIES = YES;
				BUNDLE_LOADER = "$(TEST_HOST)";
				CODE_SIGN_STYLE = Automatic;
				INFOPLIST_FILE = ClickerTests/Info.plist;
				LD_RUNPATH_SEARCH_PATHS = (
					"$(inherited)",
					"@executable_path/Frameworks",
					"@loader_path/Frameworks",
				);
				PRODUCT_BUNDLE_IDENTIFIER = io.chaf.ClickerTests;
				PRODUCT_NAME = "$(TARGET_NAME)";
				SWIFT_VERSION = 5.0;
				TARGETED_DEVICE_FAMILY = "1,2";
				TEST_HOST = "$(BUILT_PRODUCTS_DIR)/Clicker.app/Clicker";
			};
			name = Debug;
		};
		364ACD04234FA66B00260E25 /* Release */ = {
			isa = XCBuildConfiguration;
			buildSettings = {
				ALWAYS_EMBED_SWIFT_STANDARD_LIBRARIES = YES;
				BUNDLE_LOADER = "$(TEST_HOST)";
				CODE_SIGN_STYLE = Automatic;
				INFOPLIST_FILE = ClickerTests/Info.plist;
				LD_RUNPATH_SEARCH_PATHS = (
					"$(inherited)",
					"@executable_path/Frameworks",
					"@loader_path/Frameworks",
				);
				PRODUCT_BUNDLE_IDENTIFIER = io.chaf.ClickerTests;
				PRODUCT_NAME = "$(TARGET_NAME)";
				SWIFT_VERSION = 5.0;
				TARGETED_DEVICE_FAMILY = "1,2";
				TEST_HOST = "$(BUILT_PRODUCTS_DIR)/Clicker.app/Clicker";
			};
			name = Release;
		};
		36732EB023592DCE0050A066 /* Debug */ = {
			isa = XCBuildConfiguration;
			buildSettings = {
				BUNDLE_LOADER = "$(TEST_HOST)";
				CODE_SIGN_STYLE = Automatic;
				INFOPLIST_FILE = ClickerFunctionalTests/Info.plist;
				LD_RUNPATH_SEARCH_PATHS = (
					"$(inherited)",
					"@executable_path/Frameworks",
					"@loader_path/Frameworks",
				);
				PRODUCT_BUNDLE_IDENTIFIER = io.chaf.ClickerFunctionalTests;
				PRODUCT_NAME = "$(TARGET_NAME)";
				SWIFT_VERSION = 5.0;
				TARGETED_DEVICE_FAMILY = "1,2";
				TEST_HOST = "$(BUILT_PRODUCTS_DIR)/Clicker.app/Clicker";
			};
			name = Debug;
		};
		36732EB123592DCE0050A066 /* Release */ = {
			isa = XCBuildConfiguration;
			buildSettings = {
				BUNDLE_LOADER = "$(TEST_HOST)";
				CODE_SIGN_STYLE = Automatic;
				INFOPLIST_FILE = ClickerFunctionalTests/Info.plist;
				LD_RUNPATH_SEARCH_PATHS = (
					"$(inherited)",
					"@executable_path/Frameworks",
					"@loader_path/Frameworks",
				);
				PRODUCT_BUNDLE_IDENTIFIER = io.chaf.ClickerFunctionalTests;
				PRODUCT_NAME = "$(TARGET_NAME)";
				SWIFT_VERSION = 5.0;
				TARGETED_DEVICE_FAMILY = "1,2";
				TEST_HOST = "$(BUILT_PRODUCTS_DIR)/Clicker.app/Clicker";
			};
			name = Release;
		};
/* End XCBuildConfiguration section */

/* Begin XCConfigurationList section */
		364ACCDD234FA66900260E25 /* Build configuration list for PBXProject "Clicker" */ = {
			isa = XCConfigurationList;
			buildConfigurations = (
				364ACCFD234FA66B00260E25 /* Debug */,
				364ACCFE234FA66B00260E25 /* Release */,
			);
			defaultConfigurationIsVisible = 0;
			defaultConfigurationName = Release;
		};
		364ACCFF234FA66B00260E25 /* Build configuration list for PBXNativeTarget "Clicker" */ = {
			isa = XCConfigurationList;
			buildConfigurations = (
				364ACD00234FA66B00260E25 /* Debug */,
				364ACD01234FA66B00260E25 /* Release */,
			);
			defaultConfigurationIsVisible = 0;
			defaultConfigurationName = Release;
		};
		364ACD02234FA66B00260E25 /* Build configuration list for PBXNativeTarget "ClickerTests" */ = {
			isa = XCConfigurationList;
			buildConfigurations = (
				364ACD03234FA66B00260E25 /* Debug */,
				364ACD04234FA66B00260E25 /* Release */,
			);
			defaultConfigurationIsVisible = 0;
			defaultConfigurationName = Release;
		};
		36732EB223592DCE0050A066 /* Build configuration list for PBXNativeTarget "ClickerFunctionalTests" */ = {
			isa = XCConfigurationList;
			buildConfigurations = (
				36732EB023592DCE0050A066 /* Debug */,
				36732EB123592DCE0050A066 /* Release */,
			);
			defaultConfigurationIsVisible = 0;
			defaultConfigurationName = Release;
		};
/* End XCConfigurationList section */
	};
	rootObject = 364ACCDA234FA66900260E25 /* Project object */;
}
